{
	"archiveVersion": "1",
	"classes": {},
	"objectVersion": "54",
	"objects": {
		"00C3D52F-7E90-4F21-BDD9-CF50BA4E472B": {
			"explicitFileType": "sourcecode.cpp.cpp",
			"fileEncoding": "4",
			"isa": "PBXFileReference",
			"name": "b2World.cpp",
			"path": "../../../../addons/ofxBox2d/libs/Box2D/Dynamics/b2World.cpp",
			"sourceTree": "SOURCE_ROOT"
		},
		"06C6765D-B6B1-4510-82CF-511E0B70EFAB": {
			"explicitFileType": "sourcecode.cpp.cpp",
			"fileEncoding": "4",
			"isa": "PBXFileReference",
			"name": "b2FreeList.cpp",
			"path": "../../../../addons/ofxBox2d/libs/Box2D/Common/b2FreeList.cpp",
			"sourceTree": "SOURCE_ROOT"
		},
		"075E9719-AA95-4101-91CB-D74E5E9350C6": {
			"explicitFileType": "sourcecode.cpp.cpp",
			"fileEncoding": "4",
			"isa": "PBXFileReference",
			"name": "b2ContactManager.cpp",
			"path": "../../../../addons/ofxBox2d/libs/Box2D/Dynamics/b2ContactManager.cpp",
			"sourceTree": "SOURCE_ROOT"
		},
		"08778AF0-CF53-4B19-9803-FBBEF765A054": {
			"explicitFileType": "sourcecode.cpp.cpp",
			"fileEncoding": "4",
			"isa": "PBXFileReference",
			"name": "ofxBox2d.cpp",
			"path": "../../../../addons/ofxBox2d/src/ofxBox2d.cpp",
			"sourceTree": "SOURCE_ROOT"
		},
		"08DEB875-1A2E-4062-AB82-1F15CBC437A8": {
			"explicitFileType": "sourcecode.cpp.cpp",
			"fileEncoding": "4",
			"isa": "PBXFileReference",
			"name": "b2BroadPhase.cpp",
			"path": "../../../../addons/ofxBox2d/libs/Box2D/Collision/b2BroadPhase.cpp",
			"sourceTree": "SOURCE_ROOT"
		},
		"09D41DF8-5B7B-4E74-A5A5-323D5CFE0A08": {
			"children": [
				"9A3A29BD-B9B3-4747-B381-4C270F3273EE",
				"EB4A6638-5AC9-4E59-BCE6-B28F3CABBB69",
				"A614886B-0AA2-49D4-BDE4-EDE5A68CFC6B",
				"FAD90658-4FFD-483E-B9AF-8E0D7CCCA26A",
				"E693A946-99C2-4939-A22F-8495281EB5A0",
				"6A00AD7D-8DF6-4AFD-922A-D8DADE556A79",
				"2051C44E-55DB-4841-9F39-7C3E65BD6B9E",
				"7E83CCB8-7924-423B-97E3-395396D9DFCE",
				"AE6EC750-2731-4510-8887-F34C8092667B"
			],
			"isa": "PBXGroup",
			"name": "Shapes",
			"sourceTree": "SOURCE_ROOT"
		},
		"0A4CE2B0-B69D-42AA-A0C3-A97E8C177889": {
			"explicitFileType": "sourcecode.cpp.cpp",
			"fileEncoding": "4",
			"isa": "PBXFileReference",
			"name": "b2Triangle.cpp",
			"path": "../../../../addons/ofxBox2d/libs/liquidfun/Contributions/Utilities/ConvexDecomposition/b2Triangle.cpp",
			"sourceTree": "SOURCE_ROOT"
		},
		"0AF82C77-F271-4EDF-8F82-BF4F5BD20040": {
			"explicitFileType": "sourcecode.cpp.cpp",
			"fileEncoding": "4",
			"isa": "PBXFileReference",
			"name": "b2ChainAndPolygonContact.cpp",
			"path": "../../../../addons/ofxBox2d/libs/Box2D/Dynamics/Contacts/b2ChainAndPolygonContact.cpp",
			"sourceTree": "SOURCE_ROOT"
		},
		"0D134633-42DA-4787-BC90-B43239CA4F77": {
			"fileRef": "075E9719-AA95-4101-91CB-D74E5E9350C6",
			"isa": "PBXBuildFile"
		},
		"0D7745A2-EDBF-4645-A29A-E86831AC04F0": {
			"explicitFileType": "sourcecode.cpp.cpp",
			"fileEncoding": "4",
			"isa": "PBXFileReference",
			"name": "b2CollideEdge.cpp",
			"path": "../../../../addons/ofxBox2d/libs/Box2D/Collision/b2CollideEdge.cpp",
			"sourceTree": "SOURCE_ROOT"
		},
		"0DD5646E-DBBC-4765-95A0-C786FEC4F62D": {
			"explicitFileType": "sourcecode.cpp.cpp",
			"fileEncoding": "4",
			"isa": "PBXFileReference",
			"name": "ofxBox2dRender.cpp",
			"path": "../../../../addons/ofxBox2d/src/ofxBox2dRender.cpp",
			"sourceTree": "SOURCE_ROOT"
		},
		"0FCDE539-B8CF-4A4D-836E-DE2C9CA1D68E": {
			"fileRef": "6B1ED893-7F8F-4A82-ACBB-8C92278C8007",
			"isa": "PBXBuildFile"
		},
		"0FF59789-70FE-432C-B700-339387E2F863": {
			"fileRef": "A11A81D6-B02A-4E24-B78A-B139B0ACF05C",
			"isa": "PBXBuildFile"
		},
		"1093CDE3-9A0E-4AA5-B222-984EE5C87EF5": {
			"explicitFileType": "sourcecode.c.h",
			"fileEncoding": "4",
			"isa": "PBXFileReference",
			"name": "b2PulleyJoint.h",
			"path": "../../../../addons/ofxBox2d/libs/Box2D/Dynamics/Joints/b2PulleyJoint.h",
			"sourceTree": "SOURCE_ROOT"
		},
		"14CB4B15-5BB3-4560-982F-C20CD01EB046": {
			"explicitFileType": "sourcecode.cpp.cpp",
			"fileEncoding": "4",
			"isa": "PBXFileReference",
			"name": "b2DynamicTree.cpp",
			"path": "../../../../addons/ofxBox2d/libs/Box2D/Collision/b2DynamicTree.cpp",
			"sourceTree": "SOURCE_ROOT"
		},
		"158F343F-80A3-4F64-BABF-02F8BEB2C134": {
			"fileRef": "72823430-2F57-4444-9F65-5DBBEDA20BFA",
			"isa": "PBXBuildFile"
		},
		"159FADED-A7A5-4AE7-9B75-EDC2C5422BFB": {
			"fileRef": "4426209B-4CCD-436F-83B7-F9B0C692D78B",
			"isa": "PBXBuildFile"
		},
		"174132AC-E8C8-4482-8E86-D17F7DDA3D41": {
			"fileRef": "A792BE87-7017-4D4D-BB2F-934A9D0292FB",
			"isa": "PBXBuildFile"
		},
		"178CDA64-90F4-4620-B959-22F507659D5E": {
			"fileRef": "53D51520-F2D7-4FA8-A5CA-D00DC044A36F",
			"isa": "PBXBuildFile"
		},
		"17DDE558-D325-47A9-B194-D3225220D25A": {
			"fileRef": "A614886B-0AA2-49D4-BDE4-EDE5A68CFC6B",
			"isa": "PBXBuildFile"
		},
		"18F1F5DD-90A1-44A6-97C1-62147F02A5E0": {
			"explicitFileType": "sourcecode.c.h",
			"fileEncoding": "4",
			"isa": "PBXFileReference",
			"name": "b2FreeList.h",
			"path": "../../../../addons/ofxBox2d/libs/Box2D/Common/b2FreeList.h",
			"sourceTree": "SOURCE_ROOT"
		},
		"191CD6FA2847E21E0085CBB6": {
			"fileEncoding": "4",
			"isa": "PBXFileReference",
			"lastKnownFileType": "text.plist.entitlements",
			"path": "of.entitlements",
			"sourceTree": "<group>"
		},
		"191EF70929D778A400F35F26": {
			"isa": "PBXFileReference",
			"lastKnownFileType": "folder",
			"name": "openFrameworks",
			"path": "../../../../libs/openFrameworks",
			"sourceTree": "SOURCE_ROOT"
		},
		"194B329A-A0A8-4EC4-97F1-AAE3D80250FB": {
			"explicitFileType": "sourcecode.c.h",
			"fileEncoding": "4",
			"isa": "PBXFileReference",
			"name": "b2StackAllocator.h",
			"path": "../../../../addons/ofxBox2d/libs/Box2D/Common/b2StackAllocator.h",
			"sourceTree": "SOURCE_ROOT"
		},
		"19B789C429E5AB4A0082E9B8": {
			"buildActionMask": "2147483647",
			"files": [],
			"inputFileListPaths": [],
			"inputPaths": [],
			"isa": "PBXShellScriptBuildPhase",
			"outputFileListPaths": [],
			"outputPaths": [],
			"runOnlyForDeploymentPostprocessing": "0",
			"shellPath": "/bin/sh",
			"shellScript": "\"$OF_PATH/scripts/osx/xcode_project.sh\"\n",
			"showEnvVarsInLog": "0"
		},
		"1AFBA442-2C2F-4CC1-A564-F3D028938235": {
			"explicitFileType": "sourcecode.cpp.cpp",
			"fileEncoding": "4",
			"isa": "PBXFileReference",
			"name": "b2VoronoiDiagram.cpp",
			"path": "../../../../addons/ofxBox2d/libs/Box2D/Particle/b2VoronoiDiagram.cpp",
			"sourceTree": "SOURCE_ROOT"
		},
		"1CB0210D-C1AE-45FA-B8B7-6F833CE77584": {
			"explicitFileType": "sourcecode.c.h",
			"fileEncoding": "4",
			"isa": "PBXFileReference",
			"name": "b2PolygonAndCircleContact.h",
			"path": "../../../../addons/ofxBox2d/libs/Box2D/Dynamics/Contacts/b2PolygonAndCircleContact.h",
			"sourceTree": "SOURCE_ROOT"
		},
		"1CD25A6D-75BD-4EDE-9012-3190532ABF9A": {
			"explicitFileType": "sourcecode.cpp.cpp",
			"fileEncoding": "4",
			"isa": "PBXFileReference",
			"name": "b2ParticleSystem.cpp",
			"path": "../../../../addons/ofxBox2d/libs/Box2D/Particle/b2ParticleSystem.cpp",
			"sourceTree": "SOURCE_ROOT"
		},
		"1ED52552-23E5-4C3A-9D91-BDEF52E9B883": {
			"fileRef": "6E4CC103-A4F1-414D-870F-85D4C55C9F1E",
			"isa": "PBXBuildFile"
		},
		"1F1F7CE5-CA28-4A8D-B826-FE9D4AC049B6": {
			"explicitFileType": "sourcecode.c.h",
			"fileEncoding": "4",
			"isa": "PBXFileReference",
			"name": "b2MotorJoint.h",
			"path": "../../../../addons/ofxBox2d/libs/Box2D/Dynamics/Joints/b2MotorJoint.h",
			"sourceTree": "SOURCE_ROOT"
		},
		"1F3C2466-9991-430F-A7EE-C8D586133F67": {
			"children": [
				"86777C3D-3AB5-4447-A399-960EB9BB56A2",
				"EC028420-EEF4-4E84-A40E-5B14824E8413"
			],
			"isa": "PBXGroup",
			"name": "FixedPoint",
			"sourceTree": "SOURCE_ROOT"
		},
		"2051C44E-55DB-4841-9F39-7C3E65BD6B9E": {
			"explicitFileType": "sourcecode.cpp.cpp",
			"fileEncoding": "4",
			"isa": "PBXFileReference",
			"name": "b2PolygonShape.cpp",
			"path": "../../../../addons/ofxBox2d/libs/Box2D/Collision/Shapes/b2PolygonShape.cpp",
			"sourceTree": "SOURCE_ROOT"
		},
		"217F01E3-A2A2-475E-93AE-29FDC8204605": {
			"fileRef": "1AFBA442-2C2F-4CC1-A564-F3D028938235",
			"isa": "PBXBuildFile"
		},
		"2200750C-FB38-491B-97D6-87D80F585903": {
			"explicitFileType": "sourcecode.c.h",
			"fileEncoding": "4",
			"isa": "PBXFileReference",
			"name": "b2Triangle.h",
			"path": "../../../../addons/ofxBox2d/libs/liquidfun/Contributions/Utilities/ConvexDecomposition/b2Triangle.h",
			"sourceTree": "SOURCE_ROOT"
		},
		"252B804F-B416-4B6E-92E0-9EAAA196513D": {
			"children": [
				"E60684E8-F351-4AF2-897C-31F2CE7A0480",
				"2D26D1BA-B565-4280-A4FA-3A595A3174FC",
				"FB026567-AB76-4694-B962-19EE6702FC75",
				"C005BDDC-DC7A-4690-B4C7-5AF16B8CDBF2",
				"968139A2-AF38-42B3-9537-EE3FD6A5A5E5",
				"7C6D6920-D917-4E78-A52E-89A448879A77",
				"1CD25A6D-75BD-4EDE-9012-3190532ABF9A",
				"8558B757-2ADC-431C-90DE-C31778824B5B",
				"5CA69845-F5F0-48B6-B36C-1F1D05CF8055",
				"1AFBA442-2C2F-4CC1-A564-F3D028938235",
				"E7E50596-784F-4746-8C70-B7E370A8D1ED"
			],
			"isa": "PBXGroup",
			"name": "Particle",
			"sourceTree": "SOURCE_ROOT"
		},
		"26566680-4641-4F8B-9088-11DFBF947B72": {
			"explicitFileType": "sourcecode.c.h",
			"fileEncoding": "4",
			"isa": "PBXFileReference",
			"name": "ofxBox2d.h",
			"path": "../../../../addons/ofxBox2d/src/ofxBox2d.h",
			"sourceTree": "SOURCE_ROOT"
		},
		"2879CCA4-08CD-4ED0-B5F7-16688C159B72": {
			"children": [
				"3E5DB059-902D-441A-B616-26C7F3238D3C",
				"7D2CA7BC-63BA-42F3-A8C3-21A99DA04B16",
				"863CA5AD-2C1B-4C7D-97F4-B459D2056FD7",
				"A606EE0E-52C0-429B-AA5D-CD1D78A91C0A",
				"DAD9137D-14CF-418D-963F-898C983856DD",
				"8A250CB5-D2A5-4339-9137-A4DF693523CF",
				"B86C02B1-5A71-4A66-8D02-F52046FFC64C",
				"E790432E-92C5-47E6-9323-B9B53DC2A0DE",
				"7BB6EDAB-C8F8-4A95-8C11-611A1643BB50",
				"1F1F7CE5-CA28-4A8D-B826-FE9D4AC049B6",
				"499A8500-1EFE-4B19-BAB6-FB98CB7BAB69",
				"29493F6B-7ADD-448E-B096-6C834A70A89F",
				"CD373B5C-3484-462C-AFC5-29237444CDAA",
				"F4001A13-FDAD-469D-A990-71BF1E648CE8",
				"68B899A9-7769-4988-A01F-2595D65AEDB6",
				"1093CDE3-9A0E-4AA5-B222-984EE5C87EF5",
				"4426209B-4CCD-436F-83B7-F9B0C692D78B",
				"6B910B44-5FD6-4F0A-8A03-CC001B064C67",
				"E058FBCA-D254-438C-9416-9453DCBEC47B",
				"8C81F344-0568-4EE2-B4FB-6F6AE94BC354",
				"DC756BBD-1D47-4335-93A1-6FEBA7CF33E5",
				"629821DA-D374-461E-BB56-A553538C4147",
				"A3ABEFB1-FBF8-4CD2-A7DB-3CB1E9954C9F",
				"39B5C4C5-EE65-44EE-8AAE-D78B7BEC3ECC"
			],
			"isa": "PBXGroup",
			"name": "Joints",
			"sourceTree": "SOURCE_ROOT"
		},
		"29493F6B-7ADD-448E-B096-6C834A70A89F": {
			"explicitFileType": "sourcecode.c.h",
			"fileEncoding": "4",
			"isa": "PBXFileReference",
			"name": "b2MouseJoint.h",
			"path": "../../../../addons/ofxBox2d/libs/Box2D/Dynamics/Joints/b2MouseJoint.h",
			"sourceTree": "SOURCE_ROOT"
		},
		"2BD55FC6-050E-439B-A7CF-D77806E9D0CF": {
			"explicitFileType": "sourcecode.c.h",
			"fileEncoding": "4",
			"isa": "PBXFileReference",
			"name": "ofxBox2dPolygonUtils.h",
			"path": "../../../../addons/ofxBox2d/src/ofxBox2dPolygonUtils.h",
			"sourceTree": "SOURCE_ROOT"
		},
		"2C23E740-731F-4356-A233-E4FCEA719CF7": {
			"explicitFileType": "sourcecode.c.h",
			"fileEncoding": "4",
			"isa": "PBXFileReference",
			"name": "b2Polygon.h",
			"path": "../../../../addons/ofxBox2d/libs/liquidfun/Contributions/Utilities/ConvexDecomposition/b2Polygon.h",
			"sourceTree": "SOURCE_ROOT"
		},
		"2CEBC58A-51A0-45E7-94EE-CC1287ED9C32": {
			"fileRef": "F87E1FAF-376A-44F9-AEEF-8D8BF7278C53",
			"isa": "PBXBuildFile"
		},
		"2D26D1BA-B565-4280-A4FA-3A595A3174FC": {
			"explicitFileType": "sourcecode.c.h",
			"fileEncoding": "4",
			"isa": "PBXFileReference",
			"name": "b2Particle.h",
			"path": "../../../../addons/ofxBox2d/libs/Box2D/Particle/b2Particle.h",
			"sourceTree": "SOURCE_ROOT"
		},
		"2D86E690-6511-4D4C-AAD4-4D736CEEE820": {
			"fileRef": "70A574AD-03CB-4899-9B26-00979140B1EE",
			"isa": "PBXBuildFile"
		},
		"3470C86C-6599-493B-A7DE-95A0B7375382": {
			"explicitFileType": "sourcecode.cpp.cpp",
			"fileEncoding": "4",
			"isa": "PBXFileReference",
			"name": "b2PolygonContact.cpp",
			"path": "../../../../addons/ofxBox2d/libs/Box2D/Dynamics/Contacts/b2PolygonContact.cpp",
			"sourceTree": "SOURCE_ROOT"
		},
		"349079F6-A379-4550-BDDC-94998BB81187": {
			"fileRef": "52461D11-9744-45F4-8816-75788796CFE9",
			"isa": "PBXBuildFile"
		},
		"349F5C2E-881D-4B9A-B20D-FFC03FDFAAE5": {
			"fileRef": "08778AF0-CF53-4B19-9803-FBBEF765A054",
			"isa": "PBXBuildFile"
		},
		"37D64B9A-3E57-481B-8B7E-F16234E3B974": {
			"fileRef": "C0EFF2F4-2218-48E3-AE00-EFA964E92893",
			"isa": "PBXBuildFile"
		},
		"39B5C4C5-EE65-44EE-8AAE-D78B7BEC3ECC": {
			"explicitFileType": "sourcecode.c.h",
			"fileEncoding": "4",
			"isa": "PBXFileReference",
			"name": "b2WheelJoint.h",
			"path": "../../../../addons/ofxBox2d/libs/Box2D/Dynamics/Joints/b2WheelJoint.h",
			"sourceTree": "SOURCE_ROOT"
		},
		"3A008256-A777-48B2-BFFA-E8F7AAC747D2": {
			"explicitFileType": "sourcecode.c.h",
			"fileEncoding": "4",
			"isa": "PBXFileReference",
			"name": "b2ChainAndPolygonContact.h",
			"path": "../../../../addons/ofxBox2d/libs/Box2D/Dynamics/Contacts/b2ChainAndPolygonContact.h",
			"sourceTree": "SOURCE_ROOT"
		},
		"3A6DBC7E-4B48-4F9B-8FA7-5975255F5C66": {
			"explicitFileType": "sourcecode.cpp.cpp",
			"fileEncoding": "4",
			"isa": "PBXFileReference",
			"name": "b2TimeOfImpact.cpp",
			"path": "../../../../addons/ofxBox2d/libs/Box2D/Collision/b2TimeOfImpact.cpp",
			"sourceTree": "SOURCE_ROOT"
		},
		"3E5DB059-902D-441A-B616-26C7F3238D3C": {
			"explicitFileType": "sourcecode.cpp.cpp",
			"fileEncoding": "4",
			"isa": "PBXFileReference",
			"name": "b2DistanceJoint.cpp",
			"path": "../../../../addons/ofxBox2d/libs/Box2D/Dynamics/Joints/b2DistanceJoint.cpp",
			"sourceTree": "SOURCE_ROOT"
		},
		"40B39CD3-06D2-46D6-B527-BFA9808FFC48": {
			"explicitFileType": "sourcecode.cpp.cpp",
			"fileEncoding": "4",
			"isa": "PBXFileReference",
			"name": "ofxBox2dParticleSystem.cpp",
			"path": "../../../../addons/ofxBox2d/src/ofxBox2dParticleSystem.cpp",
			"sourceTree": "SOURCE_ROOT"
		},
		"40B7CBBB-6A5A-473C-991E-9A033200F2D8": {
			"explicitFileType": "sourcecode.c.h",
			"fileEncoding": "4",
			"isa": "PBXFileReference",
			"name": "b2World.h",
			"path": "../../../../addons/ofxBox2d/libs/Box2D/Dynamics/b2World.h",
			"sourceTree": "SOURCE_ROOT"
		},
		"417EAF5D-0CA9-46EB-969A-9301A989D4B5": {
			"explicitFileType": "sourcecode.c.h",
			"fileEncoding": "4",
			"isa": "PBXFileReference",
			"name": "b2IntrusiveList.h",
			"path": "../../../../addons/ofxBox2d/libs/Box2D/Common/b2IntrusiveList.h",
			"sourceTree": "SOURCE_ROOT"
		},
		"4195AF25-4735-41B9-9AAC-2B2A52275B81": {
			"fileRef": "A3ABEFB1-FBF8-4CD2-A7DB-3CB1E9954C9F",
			"isa": "PBXBuildFile"
		},
		"41AD8DBA-A982-44C7-B252-4802D74D7630": {
			"fileRef": "CBEA2686-2552-4088-93AE-A50B8067305C",
			"isa": "PBXBuildFile"
		},
		"4312433D-DE3B-4D5D-852A-BD11A5C41C08": {
			"fileRef": "CB06085E-5015-4C9F-8FDD-BBDA4708A22E",
			"isa": "PBXBuildFile"
		},
		"4426209B-4CCD-436F-83B7-F9B0C692D78B": {
			"explicitFileType": "sourcecode.cpp.cpp",
			"fileEncoding": "4",
			"isa": "PBXFileReference",
			"name": "b2RevoluteJoint.cpp",
			"path": "../../../../addons/ofxBox2d/libs/Box2D/Dynamics/Joints/b2RevoluteJoint.cpp",
			"sourceTree": "SOURCE_ROOT"
		},
		"44632063-A9B9-464D-8C7F-03D6C9BBB7B6": {
			"explicitFileType": "sourcecode.cpp.cpp",
			"fileEncoding": "4",
			"isa": "PBXFileReference",
			"name": "b2Body.cpp",
			"path": "../../../../addons/ofxBox2d/libs/Box2D/Dynamics/b2Body.cpp",
			"sourceTree": "SOURCE_ROOT"
		},
		"46007111-AF1D-482E-BB47-5F744E40356F": {
			"explicitFileType": "sourcecode.c.h",
			"fileEncoding": "4",
			"isa": "PBXFileReference",
			"name": "b2ChainAndCircleContact.h",
			"path": "../../../../addons/ofxBox2d/libs/Box2D/Dynamics/Contacts/b2ChainAndCircleContact.h",
			"sourceTree": "SOURCE_ROOT"
		},
		"487221AF-99ED-43B1-94BA-9F7738528CBB": {
			"explicitFileType": "sourcecode.cpp.cpp",
			"fileEncoding": "4",
			"isa": "PBXFileReference",
			"name": "b2Collision.cpp",
			"path": "../../../../addons/ofxBox2d/libs/Box2D/Collision/b2Collision.cpp",
			"sourceTree": "SOURCE_ROOT"
		},
		"48AEB016-2782-4187-83FF-356ED7AE04E0": {
			"explicitFileType": "sourcecode.c.h",
			"fileEncoding": "4",
			"isa": "PBXFileReference",
			"name": "b2Collision.h",
			"path": "../../../../addons/ofxBox2d/libs/Box2D/Collision/b2Collision.h",
			"sourceTree": "SOURCE_ROOT"
		},
		"48E53BD8-FB47-42BB-9275-5046F264D90F": {
			"fileRef": "DC756BBD-1D47-4335-93A1-6FEBA7CF33E5",
			"isa": "PBXBuildFile"
		},
		"499A8500-1EFE-4B19-BAB6-FB98CB7BAB69": {
			"explicitFileType": "sourcecode.cpp.cpp",
			"fileEncoding": "4",
			"isa": "PBXFileReference",
			"name": "b2MouseJoint.cpp",
			"path": "../../../../addons/ofxBox2d/libs/Box2D/Dynamics/Joints/b2MouseJoint.cpp",
			"sourceTree": "SOURCE_ROOT"
		},
		"49F5CB10-BE10-440F-8BD7-AC83DE807D07": {
			"fileRef": "1CD25A6D-75BD-4EDE-9012-3190532ABF9A",
			"isa": "PBXBuildFile"
		},
		"4A91CA9C-6139-433A-BECE-9332186F2136": {
			"fileRef": "E2FA3B3D-61CF-448E-9BD6-A7C89A1FB2E0",
			"isa": "PBXBuildFile"
		},
		"4ACAAAB6-22EC-4006-B3E6-783A9A93C27C": {
			"fileRef": "0A4CE2B0-B69D-42AA-A0C3-A97E8C177889",
			"isa": "PBXBuildFile"
		},
		"4BF1B760-7F1A-451B-80D8-26A82588D8C4": {
			"explicitFileType": "sourcecode.c.h",
			"fileEncoding": "4",
			"isa": "PBXFileReference",
			"name": "b2EdgeAndPolygonContact.h",
			"path": "../../../../addons/ofxBox2d/libs/Box2D/Dynamics/Contacts/b2EdgeAndPolygonContact.h",
			"sourceTree": "SOURCE_ROOT"
		},
		"4C1F32F1-C039-4C4F-85D9-79BA2B504A53": {
			"fileRef": "5936270A-FC75-46D1-8EA9-64B7B88201FE",
			"isa": "PBXBuildFile"
		},
		"4F16C988-C821-410C-92AD-D88B29B62010": {
			"explicitFileType": "sourcecode.cpp.cpp",
			"fileEncoding": "4",
			"isa": "PBXFileReference",
			"name": "ofxBox2dCircle.cpp",
			"path": "../../../../addons/ofxBox2d/src/ofxBox2dCircle.cpp",
			"sourceTree": "SOURCE_ROOT"
		},
		"5203FE3E-9403-41BB-95CE-F46CDF783F93": {
			"fileRef": "ECB49365-0E23-4176-AB9A-FF34319B614B",
			"isa": "PBXBuildFile"
		},
		"52461D11-9744-45F4-8816-75788796CFE9": {
			"explicitFileType": "sourcecode.cpp.cpp",
			"fileEncoding": "4",
			"isa": "PBXFileReference",
			"name": "b2Settings.cpp",
			"path": "../../../../addons/ofxBox2d/libs/Box2D/Common/b2Settings.cpp",
			"sourceTree": "SOURCE_ROOT"
		},
		"53D51520-F2D7-4FA8-A5CA-D00DC044A36F": {
			"explicitFileType": "sourcecode.cpp.cpp",
			"fileEncoding": "4",
			"isa": "PBXFileReference",
			"name": "b2WorldCallbacks.cpp",
			"path": "../../../../addons/ofxBox2d/libs/Box2D/Dynamics/b2WorldCallbacks.cpp",
			"sourceTree": "SOURCE_ROOT"
		},
		"5459BB16-994B-40A0-A3A1-E3D860727889": {
			"explicitFileType": "sourcecode.c.h",
			"fileEncoding": "4",
			"isa": "PBXFileReference",
			"name": "b2DynamicTree.h",
			"path": "../../../../addons/ofxBox2d/libs/Box2D/Collision/b2DynamicTree.h",
			"sourceTree": "SOURCE_ROOT"
		},
		"554BA625-BA3C-4C7A-8DFF-1B185D7BA42A": {
			"explicitFileType": "sourcecode.c.h",
			"fileEncoding": "4",
			"isa": "PBXFileReference",
			"name": "ofxBox2dUtils.h",
			"path": "../../../../addons/ofxBox2d/src/ofxBox2dUtils.h",
			"sourceTree": "SOURCE_ROOT"
		},
		"57742EB6-DE46-4748-929F-1A7CF31EF98A": {
			"fileRef": "E693A946-99C2-4939-A22F-8495281EB5A0",
			"isa": "PBXBuildFile"
		},
		"5936270A-FC75-46D1-8EA9-64B7B88201FE": {
			"explicitFileType": "sourcecode.cpp.cpp",
			"fileEncoding": "4",
			"isa": "PBXFileReference",
			"name": "b2Polygon.cpp",
			"path": "../../../../addons/ofxBox2d/libs/liquidfun/Contributions/Utilities/ConvexDecomposition/b2Polygon.cpp",
			"sourceTree": "SOURCE_ROOT"
		},
		"5AE9C785-6C45-40F4-AE77-5947C61E7E18": {
			"children": [
				"1F3C2466-9991-430F-A7EE-C8D586133F67"
			],
			"isa": "PBXGroup",
			"name": "Enhancements",
			"sourceTree": "SOURCE_ROOT"
		},
		"5BAC1BCF-75B3-4DB3-A5C4-5DB825B740C4": {
			"fileRef": "7A676A42-DDD1-4218-B574-EEE46155EF6A",
			"isa": "PBXBuildFile"
		},
		"5C410511-FFC0-4D3D-96A9-D735000DBB52": {
			"fileRef": "863CA5AD-2C1B-4C7D-97F4-B459D2056FD7",
			"isa": "PBXBuildFile"
		},
		"5CA69845-F5F0-48B6-B36C-1F1D05CF8055": {
			"explicitFileType": "sourcecode.c.h",
			"fileEncoding": "4",
			"isa": "PBXFileReference",
			"name": "b2StackQueue.h",
			"path": "../../../../addons/ofxBox2d/libs/Box2D/Particle/b2StackQueue.h",
			"sourceTree": "SOURCE_ROOT"
		},
		"5D519062-ABAA-49EB-9B8C-B07E79AE8001": {
			"fileRef": "0D7745A2-EDBF-4645-A29A-E86831AC04F0",
			"isa": "PBXBuildFile"
		},
		"5E386AC8-E395-492E-B354-5038DDA94901": {
			"explicitFileType": "sourcecode.cpp.cpp",
			"fileEncoding": "4",
			"isa": "PBXFileReference",
			"name": "b2ContactSolver.cpp",
			"path": "../../../../addons/ofxBox2d/libs/Box2D/Dynamics/Contacts/b2ContactSolver.cpp",
			"sourceTree": "SOURCE_ROOT"
		},
		"5EF6DD6E-288B-4DCF-AAE2-753A737A1BFC": {
			"fileRef": "08DEB875-1A2E-4062-AB82-1F15CBC437A8",
			"isa": "PBXBuildFile"
		},
		"5EF7C779-A2F1-472E-8CF7-BCDEB4D821AE": {
			"children": [
				"7867472D-4CB9-4481-BDA4-7473944514A4",
				"DD564459-C557-44DE-8B88-1E655D74D087"
			],
			"isa": "PBXGroup",
			"name": "Rope",
			"sourceTree": "SOURCE_ROOT"
		},
		"629821DA-D374-461E-BB56-A553538C4147": {
			"explicitFileType": "sourcecode.c.h",
			"fileEncoding": "4",
			"isa": "PBXFileReference",
			"name": "b2WeldJoint.h",
			"path": "../../../../addons/ofxBox2d/libs/Box2D/Dynamics/Joints/b2WeldJoint.h",
			"sourceTree": "SOURCE_ROOT"
		},
		"62A60570-67AF-489E-B31E-939665AFF586": {
			"fileRef": "06C6765D-B6B1-4510-82CF-511E0B70EFAB",
			"isa": "PBXBuildFile"
		},
		"63DA3F55-224D-4A39-AAE4-D865337E6280": {
			"explicitFileType": "sourcecode.c.h",
			"fileEncoding": "4",
			"isa": "PBXFileReference",
			"name": "b2Island.h",
			"path": "../../../../addons/ofxBox2d/libs/Box2D/Dynamics/b2Island.h",
			"sourceTree": "SOURCE_ROOT"
		},
		"647496A6-D484-4DD0-8EA9-F346FB72DA6E": {
			"explicitFileType": "sourcecode.cpp.cpp",
			"fileEncoding": "4",
			"isa": "PBXFileReference",
			"name": "b2StackAllocator.cpp",
			"path": "../../../../addons/ofxBox2d/libs/Box2D/Common/b2StackAllocator.cpp",
			"sourceTree": "SOURCE_ROOT"
		},
		"66DB2C58-DC1C-480C-9856-B5557FDD00FF": {
			"explicitFileType": "sourcecode.c.h",
			"fileEncoding": "4",
			"isa": "PBXFileReference",
			"name": "b2CircleContact.h",
			"path": "../../../../addons/ofxBox2d/libs/Box2D/Dynamics/Contacts/b2CircleContact.h",
			"sourceTree": "SOURCE_ROOT"
		},
		"68B899A9-7769-4988-A01F-2595D65AEDB6": {
			"explicitFileType": "sourcecode.cpp.cpp",
			"fileEncoding": "4",
			"isa": "PBXFileReference",
			"name": "b2PulleyJoint.cpp",
			"path": "../../../../addons/ofxBox2d/libs/Box2D/Dynamics/Joints/b2PulleyJoint.cpp",
			"sourceTree": "SOURCE_ROOT"
		},
		"6A00AD7D-8DF6-4AFD-922A-D8DADE556A79": {
			"explicitFileType": "sourcecode.c.h",
			"fileEncoding": "4",
			"isa": "PBXFileReference",
			"name": "b2EdgeShape.h",
			"path": "../../../../addons/ofxBox2d/libs/Box2D/Collision/Shapes/b2EdgeShape.h",
			"sourceTree": "SOURCE_ROOT"
		},
		"6B1ED893-7F8F-4A82-ACBB-8C92278C8007": {
			"explicitFileType": "sourcecode.cpp.cpp",
			"fileEncoding": "4",
			"isa": "PBXFileReference",
			"name": "b2EdgeAndPolygonContact.cpp",
			"path": "../../../../addons/ofxBox2d/libs/Box2D/Dynamics/Contacts/b2EdgeAndPolygonContact.cpp",
			"sourceTree": "SOURCE_ROOT"
		},
		"6B2FF85B-8A25-47B0-9E0E-A94699418DF9": {
			"explicitFileType": "sourcecode.c.h",
			"fileEncoding": "4",
			"isa": "PBXFileReference",
			"name": "ofxBox2dContactListener.h",
			"path": "../../../../addons/ofxBox2d/src/ofxBox2dContactListener.h",
			"sourceTree": "SOURCE_ROOT"
		},
		"6B910B44-5FD6-4F0A-8A03-CC001B064C67": {
			"explicitFileType": "sourcecode.c.h",
			"fileEncoding": "4",
			"isa": "PBXFileReference",
			"name": "b2RevoluteJoint.h",
			"path": "../../../../addons/ofxBox2d/libs/Box2D/Dynamics/Joints/b2RevoluteJoint.h",
			"sourceTree": "SOURCE_ROOT"
		},
		"6C8B3737-3CE8-40F5-ACAB-FD9A25445E5B": {
			"fileRef": "CD373B5C-3484-462C-AFC5-29237444CDAA",
			"isa": "PBXBuildFile"
		},
		"6CC14B75-12E3-4518-A81A-E9CDF7BBF907": {
			"fileRef": "0DD5646E-DBBC-4765-95A0-C786FEC4F62D",
			"isa": "PBXBuildFile"
		},
		"6D4A0A86-3BB9-49F8-B186-ECC414B14593": {
			"explicitFileType": "sourcecode.c.h",
			"fileEncoding": "4",
			"isa": "PBXFileReference",
			"name": "ofxBox2dParticleSystem.h",
			"path": "../../../../addons/ofxBox2d/src/ofxBox2dParticleSystem.h",
			"sourceTree": "SOURCE_ROOT"
		},
		"6E4CC103-A4F1-414D-870F-85D4C55C9F1E": {
			"explicitFileType": "sourcecode.cpp.cpp",
			"fileEncoding": "4",
			"isa": "PBXFileReference",
			"name": "b2PolygonAndCircleContact.cpp",
			"path": "../../../../addons/ofxBox2d/libs/Box2D/Dynamics/Contacts/b2PolygonAndCircleContact.cpp",
			"sourceTree": "SOURCE_ROOT"
		},
		"6E662816-769D-4A2B-8731-20C01BB24517": {
			"fileRef": "4F16C988-C821-410C-92AD-D88B29B62010",
			"isa": "PBXBuildFile"
		},
		"70A574AD-03CB-4899-9B26-00979140B1EE": {
			"explicitFileType": "sourcecode.cpp.cpp",
			"fileEncoding": "4",
			"isa": "PBXFileReference",
			"name": "b2BlockAllocator.cpp",
			"path": "../../../../addons/ofxBox2d/libs/Box2D/Common/b2BlockAllocator.cpp",
			"sourceTree": "SOURCE_ROOT"
		},
		"7167AD69-99CD-4F34-8707-1202F50058A5": {
			"fileRef": "E3822314-4E85-4ECA-B5B9-24B9EBC042AB",
			"isa": "PBXBuildFile"
		},
		"72823430-2F57-4444-9F65-5DBBEDA20BFA": {
			"explicitFileType": "sourcecode.cpp.cpp",
			"fileEncoding": "4",
			"isa": "PBXFileReference",
			"name": "b2ChainAndCircleContact.cpp",
			"path": "../../../../addons/ofxBox2d/libs/Box2D/Dynamics/Contacts/b2ChainAndCircleContact.cpp",
			"sourceTree": "SOURCE_ROOT"
		},
		"749F9645-65D6-4CB8-A599-556D25E0A3C2": {
			"explicitFileType": "sourcecode.c.h",
			"fileEncoding": "4",
			"isa": "PBXFileReference",
			"name": "ofxBox2dJoint.h",
			"path": "../../../../addons/ofxBox2d/src/ofxBox2dJoint.h",
			"sourceTree": "SOURCE_ROOT"
		},
		"770CBCC2-F4A0-4370-9D42-E4C9D2DFDFAD": {
			"fileRef": "DE944BAD-E29C-487D-9145-9B85371CF204",
			"isa": "PBXBuildFile"
		},
		"77F13101-0F39-45F7-AC60-FD886D379CA2": {
			"explicitFileType": "sourcecode.cpp.cpp",
			"fileEncoding": "4",
			"isa": "PBXFileReference",
			"name": "b2Island.cpp",
			"path": "../../../../addons/ofxBox2d/libs/Box2D/Dynamics/b2Island.cpp",
			"sourceTree": "SOURCE_ROOT"
		},
		"7867472D-4CB9-4481-BDA4-7473944514A4": {
			"explicitFileType": "sourcecode.cpp.cpp",
			"fileEncoding": "4",
			"isa": "PBXFileReference",
			"name": "b2Rope.cpp",
			"path": "../../../../addons/ofxBox2d/libs/Box2D/Rope/b2Rope.cpp",
			"sourceTree": "SOURCE_ROOT"
		},
		"794C7132-872B-4FC3-B4D4-5D1B733E95E2": {
			"explicitFileType": "sourcecode.c.h",
			"fileEncoding": "4",
			"isa": "PBXFileReference",
			"name": "b2BlockAllocator.h",
			"path": "../../../../addons/ofxBox2d/libs/Box2D/Common/b2BlockAllocator.h",
			"sourceTree": "SOURCE_ROOT"
		},
		"7A0B7749-77BE-44F2-BA59-19FDB0B4E57F": {
			"fileRef": "C5DBFE5B-BF0F-4B8C-8032-1F7C0BF1E357",
			"isa": "PBXBuildFile"
		},
		"7A676A42-DDD1-4218-B574-EEE46155EF6A": {
			"explicitFileType": "sourcecode.cpp.cpp",
			"fileEncoding": "4",
			"isa": "PBXFileReference",
			"name": "b2Stat.cpp",
			"path": "../../../../addons/ofxBox2d/libs/Box2D/Common/b2Stat.cpp",
			"sourceTree": "SOURCE_ROOT"
		},
		"7B46D78C-9EAF-41EC-A43F-B0A3DD9EBAE8": {
			"explicitFileType": "sourcecode.cpp.cpp",
			"fileEncoding": "4",
			"isa": "PBXFileReference",
			"name": "b2Timer.cpp",
			"path": "../../../../addons/ofxBox2d/libs/Box2D/Common/b2Timer.cpp",
			"sourceTree": "SOURCE_ROOT"
		},
		"7BB6EDAB-C8F8-4A95-8C11-611A1643BB50": {
			"explicitFileType": "sourcecode.cpp.cpp",
			"fileEncoding": "4",
			"isa": "PBXFileReference",
			"name": "b2MotorJoint.cpp",
			"path": "../../../../addons/ofxBox2d/libs/Box2D/Dynamics/Joints/b2MotorJoint.cpp",
			"sourceTree": "SOURCE_ROOT"
		},
		"7C6D6920-D917-4E78-A52E-89A448879A77": {
			"explicitFileType": "sourcecode.c.h",
			"fileEncoding": "4",
			"isa": "PBXFileReference",
			"name": "b2ParticleGroup.h",
			"path": "../../../../addons/ofxBox2d/libs/Box2D/Particle/b2ParticleGroup.h",
			"sourceTree": "SOURCE_ROOT"
		},
		"7D2CA7BC-63BA-42F3-A8C3-21A99DA04B16": {
			"explicitFileType": "sourcecode.c.h",
			"fileEncoding": "4",
			"isa": "PBXFileReference",
			"name": "b2DistanceJoint.h",
			"path": "../../../../addons/ofxBox2d/libs/Box2D/Dynamics/Joints/b2DistanceJoint.h",
			"sourceTree": "SOURCE_ROOT"
		},
		"7E83CCB8-7924-423B-97E3-395396D9DFCE": {
			"explicitFileType": "sourcecode.c.h",
			"fileEncoding": "4",
			"isa": "PBXFileReference",
			"name": "b2PolygonShape.h",
			"path": "../../../../addons/ofxBox2d/libs/Box2D/Collision/Shapes/b2PolygonShape.h",
			"sourceTree": "SOURCE_ROOT"
		},
		"7EC41C69-624D-400D-8516-195B064FF566": {
			"explicitFileType": "sourcecode.c.h",
			"fileEncoding": "4",
			"isa": "PBXFileReference",
			"name": "b2Fixture.h",
			"path": "../../../../addons/ofxBox2d/libs/Box2D/Dynamics/b2Fixture.h",
			"sourceTree": "SOURCE_ROOT"
		},
		"801E9670-512F-4B72-9138-CFC99E4C3357": {
			"explicitFileType": "sourcecode.c.h",
			"fileEncoding": "4",
			"isa": "PBXFileReference",
			"name": "b2ContactSolver.h",
			"path": "../../../../addons/ofxBox2d/libs/Box2D/Dynamics/Contacts/b2ContactSolver.h",
			"sourceTree": "SOURCE_ROOT"
		},
		"8558B757-2ADC-431C-90DE-C31778824B5B": {
			"explicitFileType": "sourcecode.c.h",
			"fileEncoding": "4",
			"isa": "PBXFileReference",
			"name": "b2ParticleSystem.h",
			"path": "../../../../addons/ofxBox2d/libs/Box2D/Particle/b2ParticleSystem.h",
			"sourceTree": "SOURCE_ROOT"
		},
		"855A32AC-FE63-40D4-B753-AABED7DCF094": {
			"explicitFileType": "sourcecode.c.h",
			"fileEncoding": "4",
			"isa": "PBXFileReference",
			"name": "ofxBox2dCircle.h",
			"path": "../../../../addons/ofxBox2d/src/ofxBox2dCircle.h",
			"sourceTree": "SOURCE_ROOT"
		},
		"8638E9B7-534D-466E-8BB9-C4E8C0280507": {
			"fileRef": "9C1DB61B-8900-484A-B4E2-DF45B832CB37",
			"isa": "PBXBuildFile"
		},
		"863CA5AD-2C1B-4C7D-97F4-B459D2056FD7": {
			"explicitFileType": "sourcecode.cpp.cpp",
			"fileEncoding": "4",
			"isa": "PBXFileReference",
			"name": "b2FrictionJoint.cpp",
			"path": "../../../../addons/ofxBox2d/libs/Box2D/Dynamics/Joints/b2FrictionJoint.cpp",
			"sourceTree": "SOURCE_ROOT"
		},
		"86777C3D-3AB5-4447-A399-960EB9BB56A2": {
			"explicitFileType": "sourcecode.c.h",
			"fileEncoding": "4",
			"isa": "PBXFileReference",
			"name": "Fixed.h",
			"path": "../../../../addons/ofxBox2d/libs/liquidfun/Contributions/Enhancements/FixedPoint/Fixed.h",
			"sourceTree": "SOURCE_ROOT"
		},
		"8A250CB5-D2A5-4339-9137-A4DF693523CF": {
			"explicitFileType": "sourcecode.c.h",
			"fileEncoding": "4",
			"isa": "PBXFileReference",
			"name": "b2GearJoint.h",
			"path": "../../../../addons/ofxBox2d/libs/Box2D/Dynamics/Joints/b2GearJoint.h",
			"sourceTree": "SOURCE_ROOT"
		},
		"8BC39F07-CF33-46B8-B1C1-DF8CA5F38C54": {
			"explicitFileType": "sourcecode.c.h",
			"fileEncoding": "4",
			"isa": "PBXFileReference",
			"name": "b2Draw.h",
			"path": "../../../../addons/ofxBox2d/libs/Box2D/Common/b2Draw.h",
			"sourceTree": "SOURCE_ROOT"
		},
		"8C81F344-0568-4EE2-B4FB-6F6AE94BC354": {
			"explicitFileType": "sourcecode.c.h",
			"fileEncoding": "4",
			"isa": "PBXFileReference",
			"name": "b2RopeJoint.h",
			"path": "../../../../addons/ofxBox2d/libs/Box2D/Dynamics/Joints/b2RopeJoint.h",
			"sourceTree": "SOURCE_ROOT"
		},
		"8CC87A55-9710-40A4-8217-319D41965027": {
			"fileRef": "DAD9137D-14CF-418D-963F-898C983856DD",
			"isa": "PBXBuildFile"
		},
		"8E631822-A430-4CA5-8125-3E59D09C64D8": {
			"children": [
				"70A574AD-03CB-4899-9B26-00979140B1EE",
				"794C7132-872B-4FC3-B4D4-5D1B733E95E2",
				"A792BE87-7017-4D4D-BB2F-934A9D0292FB",
				"8BC39F07-CF33-46B8-B1C1-DF8CA5F38C54",
				"06C6765D-B6B1-4510-82CF-511E0B70EFAB",
				"18F1F5DD-90A1-44A6-97C1-62147F02A5E0",
				"DDDB2346-A067-48C6-B3A9-86A33828E4C0",
				"A4649ACD-22B8-48A5-9C93-F8589CC34116",
				"417EAF5D-0CA9-46EB-969A-9301A989D4B5",
				"DE944BAD-E29C-487D-9145-9B85371CF204",
				"DC9A5215-5BFB-43BC-94AA-C503DA43FAD5",
				"52461D11-9744-45F4-8816-75788796CFE9",
				"D92B82A4-B985-40CA-A99B-2299A4EFD9C8",
				"B0A1DDBB-35A2-4CCC-8815-91F681328CA4",
				"647496A6-D484-4DD0-8EA9-F346FB72DA6E",
				"194B329A-A0A8-4EC4-97F1-AAE3D80250FB",
				"7A676A42-DDD1-4218-B574-EEE46155EF6A",
				"A754639A-41BD-460E-B224-9A2B26442A63",
				"7B46D78C-9EAF-41EC-A43F-B0A3DD9EBAE8",
				"9E9B9A72-777A-4FF5-BC0E-FA2CC28201D0",
				"F87E1FAF-376A-44F9-AEEF-8D8BF7278C53",
				"B0AAB7A2-13C2-4FDB-8FA6-88BE3805179C"
			],
			"isa": "PBXGroup",
			"name": "Common",
			"sourceTree": "SOURCE_ROOT"
		},
		"923D26D7-F0FD-4A53-BB0B-4BAAF20B97F7": {
			"explicitFileType": "sourcecode.cpp.cpp",
			"fileEncoding": "4",
			"isa": "PBXFileReference",
			"name": "b2Distance.cpp",
			"path": "../../../../addons/ofxBox2d/libs/Box2D/Collision/b2Distance.cpp",
			"sourceTree": "SOURCE_ROOT"
		},
		"94853B40-79D5-4BBD-8B0F-A56865CB5EF6": {
			"fileRef": "3470C86C-6599-493B-A7DE-95A0B7375382",
			"isa": "PBXBuildFile"
		},
		"95C412AC-2258-40C9-96B9-F03CCD8FCCCC": {
			"explicitFileType": "sourcecode.c.h",
			"fileEncoding": "4",
			"isa": "PBXFileReference",
			"name": "ofxBox2dRender.h",
			"path": "../../../../addons/ofxBox2d/src/ofxBox2dRender.h",
			"sourceTree": "SOURCE_ROOT"
		},
		"95E5C277-ADE7-477E-99FE-55237EE5C3AD": {
			"fileRef": "487221AF-99ED-43B1-94BA-9F7738528CBB",
			"isa": "PBXBuildFile"
		},
		"960238D5-2FE2-4805-AA46-33BB90A7FA39": {
			"fileRef": "B86C02B1-5A71-4A66-8D02-F52046FFC64C",
			"isa": "PBXBuildFile"
		},
		"963F6763-3B4D-4282-B021-22DA0287BB2F": {
			"fileRef": "00C3D52F-7E90-4F21-BDD9-CF50BA4E472B",
			"isa": "PBXBuildFile"
		},
		"968139A2-AF38-42B3-9537-EE3FD6A5A5E5": {
			"explicitFileType": "sourcecode.cpp.cpp",
			"fileEncoding": "4",
			"isa": "PBXFileReference",
			"name": "b2ParticleGroup.cpp",
			"path": "../../../../addons/ofxBox2d/libs/Box2D/Particle/b2ParticleGroup.cpp",
			"sourceTree": "SOURCE_ROOT"
		},
		"97F371E8-E948-4D35-82CB-FBFE75962CD8": {
			"fileRef": "40B39CD3-06D2-46D6-B527-BFA9808FFC48",
			"isa": "PBXBuildFile"
		},
		"9A3A29BD-B9B3-4747-B381-4C270F3273EE": {
			"explicitFileType": "sourcecode.cpp.cpp",
			"fileEncoding": "4",
			"isa": "PBXFileReference",
			"name": "b2ChainShape.cpp",
			"path": "../../../../addons/ofxBox2d/libs/Box2D/Collision/Shapes/b2ChainShape.cpp",
			"sourceTree": "SOURCE_ROOT"
		},
		"9AD07E28-24DA-4A4B-8192-7A4FFA434383": {
			"explicitFileType": "sourcecode.c.h",
			"fileEncoding": "4",
			"isa": "PBXFileReference",
			"name": "b2PolygonContact.h",
			"path": "../../../../addons/ofxBox2d/libs/Box2D/Dynamics/Contacts/b2PolygonContact.h",
			"sourceTree": "SOURCE_ROOT"
		},
		"9C07FA0F-2CCB-45F8-8FCF-B15D866DAA44": {
			"explicitFileType": "sourcecode.c.h",
			"fileEncoding": "4",
			"isa": "PBXFileReference",
			"name": "b2EdgeAndCircleContact.h",
			"path": "../../../../addons/ofxBox2d/libs/Box2D/Dynamics/Contacts/b2EdgeAndCircleContact.h",
			"sourceTree": "SOURCE_ROOT"
		},
		"9C1DB61B-8900-484A-B4E2-DF45B832CB37": {
			"explicitFileType": "sourcecode.cpp.cpp",
			"fileEncoding": "4",
			"isa": "PBXFileReference",
			"name": "ofxBox2dPolygonUtils.cpp",
			"path": "../../../../addons/ofxBox2d/src/ofxBox2dPolygonUtils.cpp",
			"sourceTree": "SOURCE_ROOT"
		},
		"9C36FE29-934C-48B2-9714-3E74DD42A23F": {
			"children": [
				"E58733C3-D726-4001-AB06-3A4436A2172C",
				"B74525B2-A4FE-448E-BE32-645843DECC34",
				"BC6F236D-6A13-4149-A350-1741D88A1571"
			],
			"isa": "PBXGroup",
			"name": "libs",
			"sourceTree": "SOURCE_ROOT"
		},
		"9E9B9A72-777A-4FF5-BC0E-FA2CC28201D0": {
			"explicitFileType": "sourcecode.c.h",
			"fileEncoding": "4",
			"isa": "PBXFileReference",
			"name": "b2Timer.h",
			"path": "../../../../addons/ofxBox2d/libs/Box2D/Common/b2Timer.h",
			"sourceTree": "SOURCE_ROOT"
		},
		"9EDA001D-C580-4CD8-B0E4-D7315C57C56F": {
			"explicitFileType": "sourcecode.c.h",
			"fileEncoding": "4",
			"isa": "PBXFileReference",
			"name": "b2Body.h",
			"path": "../../../../addons/ofxBox2d/libs/Box2D/Dynamics/b2Body.h",
			"sourceTree": "SOURCE_ROOT"
		},
		"A02C7640-FFC1-491B-B330-46FD348144DE": {
			"explicitFileType": "sourcecode.c.h",
			"fileEncoding": "4",
			"isa": "PBXFileReference",
			"name": "ofxBox2dRect.h",
			"path": "../../../../addons/ofxBox2d/src/ofxBox2dRect.h",
			"sourceTree": "SOURCE_ROOT"
		},
		"A11A81D6-B02A-4E24-B78A-B139B0ACF05C": {
			"explicitFileType": "sourcecode.cpp.cpp",
			"fileEncoding": "4",
			"isa": "PBXFileReference",
			"name": "b2EdgeAndCircleContact.cpp",
			"path": "../../../../addons/ofxBox2d/libs/Box2D/Dynamics/Contacts/b2EdgeAndCircleContact.cpp",
			"sourceTree": "SOURCE_ROOT"
		},
		"A3ABEFB1-FBF8-4CD2-A7DB-3CB1E9954C9F": {
			"explicitFileType": "sourcecode.cpp.cpp",
			"fileEncoding": "4",
			"isa": "PBXFileReference",
			"name": "b2WheelJoint.cpp",
			"path": "../../../../addons/ofxBox2d/libs/Box2D/Dynamics/Joints/b2WheelJoint.cpp",
			"sourceTree": "SOURCE_ROOT"
		},
		"A4649ACD-22B8-48A5-9C93-F8589CC34116": {
			"explicitFileType": "sourcecode.c.h",
			"fileEncoding": "4",
			"isa": "PBXFileReference",
			"name": "b2GrowableStack.h",
			"path": "../../../../addons/ofxBox2d/libs/Box2D/Common/b2GrowableStack.h",
			"sourceTree": "SOURCE_ROOT"
		},
		"A4AB43F8-7274-425D-AA56-AB8941BE9A70": {
			"children": [
				"B3AD4F37-8221-4E4A-B54B-A656734D266A",
				"2879CCA4-08CD-4ED0-B5F7-16688C159B72",
				"44632063-A9B9-464D-8C7F-03D6C9BBB7B6",
				"9EDA001D-C580-4CD8-B0E4-D7315C57C56F",
				"075E9719-AA95-4101-91CB-D74E5E9350C6",
				"F823B174-B3E9-488E-B0C6-C399D3126891",
				"DE3AE8AF-3537-42E6-9EEA-DA7793F0D8EF",
				"7EC41C69-624D-400D-8516-195B064FF566",
				"77F13101-0F39-45F7-AC60-FD886D379CA2",
				"63DA3F55-224D-4A39-AAE4-D865337E6280",
				"BF6C8FDF-0F88-4F7C-BABA-6ADDFF27AB72",
				"00C3D52F-7E90-4F21-BDD9-CF50BA4E472B",
				"40B7CBBB-6A5A-473C-991E-9A033200F2D8",
				"53D51520-F2D7-4FA8-A5CA-D00DC044A36F",
				"C0E7EA5A-7FF5-4168-BD8D-D45DE3610138"
			],
			"isa": "PBXGroup",
			"name": "Dynamics",
			"sourceTree": "SOURCE_ROOT"
		},
		"A5BCB93B-CD49-4F7D-A40C-D9B396FFB1F2": {
			"fileRef": "5E386AC8-E395-492E-B354-5038DDA94901",
			"isa": "PBXBuildFile"
		},
		"A5EA41EA-256B-42FF-9641-B9BF36235887": {
			"explicitFileType": "sourcecode.c.h",
			"fileEncoding": "4",
			"isa": "PBXFileReference",
			"name": "Box2D.h",
			"path": "../../../../addons/ofxBox2d/libs/Box2D/Box2D.h",
			"sourceTree": "SOURCE_ROOT"
		},
		"A606EE0E-52C0-429B-AA5D-CD1D78A91C0A": {
			"explicitFileType": "sourcecode.c.h",
			"fileEncoding": "4",
			"isa": "PBXFileReference",
			"name": "b2FrictionJoint.h",
			"path": "../../../../addons/ofxBox2d/libs/Box2D/Dynamics/Joints/b2FrictionJoint.h",
			"sourceTree": "SOURCE_ROOT"
		},
		"A614886B-0AA2-49D4-BDE4-EDE5A68CFC6B": {
			"explicitFileType": "sourcecode.cpp.cpp",
			"fileEncoding": "4",
			"isa": "PBXFileReference",
			"name": "b2CircleShape.cpp",
			"path": "../../../../addons/ofxBox2d/libs/Box2D/Collision/Shapes/b2CircleShape.cpp",
			"sourceTree": "SOURCE_ROOT"
		},
		"A754639A-41BD-460E-B224-9A2B26442A63": {
			"explicitFileType": "sourcecode.c.h",
			"fileEncoding": "4",
			"isa": "PBXFileReference",
			"name": "b2Stat.h",
			"path": "../../../../addons/ofxBox2d/libs/Box2D/Common/b2Stat.h",
			"sourceTree": "SOURCE_ROOT"
		},
		"A792BE87-7017-4D4D-BB2F-934A9D0292FB": {
			"explicitFileType": "sourcecode.cpp.cpp",
			"fileEncoding": "4",
			"isa": "PBXFileReference",
			"name": "b2Draw.cpp",
			"path": "../../../../addons/ofxBox2d/libs/Box2D/Common/b2Draw.cpp",
			"sourceTree": "SOURCE_ROOT"
		},
		"AA066602-887B-4E10-B835-D0D7C65F60D3": {
			"fileRef": "77F13101-0F39-45F7-AC60-FD886D379CA2",
			"isa": "PBXBuildFile"
		},
		"AA242056-E397-465F-B30E-0C6B265104D2": {
			"fileRef": "DE3AE8AF-3537-42E6-9EEA-DA7793F0D8EF",
			"isa": "PBXBuildFile"
		},
		"AE6EC750-2731-4510-8887-F34C8092667B": {
			"explicitFileType": "sourcecode.c.h",
			"fileEncoding": "4",
			"isa": "PBXFileReference",
			"name": "b2Shape.h",
			"path": "../../../../addons/ofxBox2d/libs/Box2D/Collision/Shapes/b2Shape.h",
			"sourceTree": "SOURCE_ROOT"
		},
		"B0A1DDBB-35A2-4CCC-8815-91F681328CA4": {
			"explicitFileType": "sourcecode.c.h",
			"fileEncoding": "4",
			"isa": "PBXFileReference",
			"name": "b2SlabAllocator.h",
			"path": "../../../../addons/ofxBox2d/libs/Box2D/Common/b2SlabAllocator.h",
			"sourceTree": "SOURCE_ROOT"
		},
		"B0AAB7A2-13C2-4FDB-8FA6-88BE3805179C": {
			"explicitFileType": "sourcecode.c.h",
			"fileEncoding": "4",
			"isa": "PBXFileReference",
			"name": "b2TrackedBlock.h",
			"path": "../../../../addons/ofxBox2d/libs/Box2D/Common/b2TrackedBlock.h",
			"sourceTree": "SOURCE_ROOT"
		},
		"B1627B6F-67AB-4DD4-B7BB-367E0A3F293A": {
			"fileRef": "68B899A9-7769-4988-A01F-2595D65AEDB6",
			"isa": "PBXBuildFile"
		},
		"B1D0DB6B-2B08-4931-A327-6E571854D2B5": {
			"explicitFileType": "sourcecode.c.h",
			"fileEncoding": "4",
			"isa": "PBXFileReference",
			"name": "b2Contact.h",
			"path": "../../../../addons/ofxBox2d/libs/Box2D/Dynamics/Contacts/b2Contact.h",
			"sourceTree": "SOURCE_ROOT"
		},
		"B384B375-8074-4346-B2F0-3EE7ABCA95BE": {
			"fileRef": "FB266548-C207-4A0F-86A4-1E9359221783",
			"isa": "PBXBuildFile"
		},
		"B3AD4F37-8221-4E4A-B54B-A656734D266A": {
			"children": [
				"72823430-2F57-4444-9F65-5DBBEDA20BFA",
				"46007111-AF1D-482E-BB47-5F744E40356F",
				"0AF82C77-F271-4EDF-8F82-BF4F5BD20040",
				"3A008256-A777-48B2-BFFA-E8F7AAC747D2",
				"ECB49365-0E23-4176-AB9A-FF34319B614B",
				"66DB2C58-DC1C-480C-9856-B5557FDD00FF",
				"D21DFBA1-6ECA-4D38-81FE-AD628ACF21DE",
				"B1D0DB6B-2B08-4931-A327-6E571854D2B5",
				"5E386AC8-E395-492E-B354-5038DDA94901",
				"801E9670-512F-4B72-9138-CFC99E4C3357",
				"A11A81D6-B02A-4E24-B78A-B139B0ACF05C",
				"9C07FA0F-2CCB-45F8-8FCF-B15D866DAA44",
				"6B1ED893-7F8F-4A82-ACBB-8C92278C8007",
				"4BF1B760-7F1A-451B-80D8-26A82588D8C4",
				"6E4CC103-A4F1-414D-870F-85D4C55C9F1E",
				"1CB0210D-C1AE-45FA-B8B7-6F833CE77584",
				"3470C86C-6599-493B-A7DE-95A0B7375382",
				"9AD07E28-24DA-4A4B-8192-7A4FFA434383"
			],
			"isa": "PBXGroup",
			"name": "Contacts",
			"sourceTree": "SOURCE_ROOT"
		},
		"B62663CA-DCE4-4364-85E8-EBE30FFC2E87": {
			"fileRef": "7867472D-4CB9-4481-BDA4-7473944514A4",
			"isa": "PBXBuildFile"
		},
		"B74525B2-A4FE-448E-BE32-645843DECC34": {
			"children": [
				"FB266548-C207-4A0F-86A4-1E9359221783",
				"F3EA6E1E-FF04-45C4-B7E2-AADADA01612B"
			],
			"isa": "PBXGroup",
			"name": "Triangle",
			"sourceTree": "SOURCE_ROOT"
		},
		"B745E2BF-A40D-43DD-9497-C866A0C09E3B": {
			"explicitFileType": "sourcecode.c.h",
			"fileEncoding": "4",
			"isa": "PBXFileReference",
			"name": "ofxBox2dEdge.h",
			"path": "../../../../addons/ofxBox2d/src/ofxBox2dEdge.h",
			"sourceTree": "SOURCE_ROOT"
		},
		"B86C02B1-5A71-4A66-8D02-F52046FFC64C": {
			"explicitFileType": "sourcecode.cpp.cpp",
			"fileEncoding": "4",
			"isa": "PBXFileReference",
			"name": "b2Joint.cpp",
			"path": "../../../../addons/ofxBox2d/libs/Box2D/Dynamics/Joints/b2Joint.cpp",
			"sourceTree": "SOURCE_ROOT"
		},
		"BB4B014C10F69532006C3DED": {
			"children": [
				"BB4C2D61-5287-4675-BCEE-DE6EFF938818"
			],
			"isa": "PBXGroup",
			"name": "addons",
			"path": "../../../../addons",
			"sourceTree": "<group>"
		},
		"BB4C2D61-5287-4675-BCEE-DE6EFF938818": {
			"children": [
				"9C36FE29-934C-48B2-9714-3E74DD42A23F",
				"DE0379E1-8923-49A7-84F0-2F7EE6CB8849"
			],
			"isa": "PBXGroup",
			"name": "ofxBox2d",
			"sourceTree": "SOURCE_ROOT"
		},
		"BC6F236D-6A13-4149-A350-1741D88A1571": {
			"children": [
				"C81B22D6-CCFF-44D1-84CB-753F1E29B9F0"
			],
			"isa": "PBXGroup",
			"name": "liquidfun",
			"sourceTree": "SOURCE_ROOT"
		},
		"BCB66BFF-AA88-44CB-8434-21CD998AB83C": {
			"fileRef": "E4BE4C25-09B1-41BC-A861-4DAB7F27B483",
			"isa": "PBXBuildFile"
		},
		"BEEDE2DB-CD2B-4F91-A05A-22F7AC82BE52": {
			"children": [
				"5936270A-FC75-46D1-8EA9-64B7B88201FE",
				"2C23E740-731F-4356-A233-E4FCEA719CF7",
				"0A4CE2B0-B69D-42AA-A0C3-A97E8C177889",
				"2200750C-FB38-491B-97D6-87D80F585903"
			],
			"isa": "PBXGroup",
			"name": "ConvexDecomposition",
			"sourceTree": "SOURCE_ROOT"
		},
		"BF6C8FDF-0F88-4F7C-BABA-6ADDFF27AB72": {
			"explicitFileType": "sourcecode.c.h",
			"fileEncoding": "4",
			"isa": "PBXFileReference",
			"name": "b2TimeStep.h",
			"path": "../../../../addons/ofxBox2d/libs/Box2D/Dynamics/b2TimeStep.h",
			"sourceTree": "SOURCE_ROOT"
		},
		"BFB3DABB-F276-4253-BE14-520818555460": {
			"fileRef": "3A6DBC7E-4B48-4F9B-8FA7-5975255F5C66",
			"isa": "PBXBuildFile"
		},
		"C005BDDC-DC7A-4690-B4C7-5AF16B8CDBF2": {
			"explicitFileType": "sourcecode.c.h",
			"fileEncoding": "4",
			"isa": "PBXFileReference",
			"name": "b2ParticleAssembly.h",
			"path": "../../../../addons/ofxBox2d/libs/Box2D/Particle/b2ParticleAssembly.h",
			"sourceTree": "SOURCE_ROOT"
		},
		"C0E7EA5A-7FF5-4168-BD8D-D45DE3610138": {
			"explicitFileType": "sourcecode.c.h",
			"fileEncoding": "4",
			"isa": "PBXFileReference",
			"name": "b2WorldCallbacks.h",
			"path": "../../../../addons/ofxBox2d/libs/Box2D/Dynamics/b2WorldCallbacks.h",
			"sourceTree": "SOURCE_ROOT"
		},
		"C0EFF2F4-2218-48E3-AE00-EFA964E92893": {
			"explicitFileType": "sourcecode.cpp.cpp",
			"fileEncoding": "4",
			"isa": "PBXFileReference",
			"name": "b2CollideCircle.cpp",
			"path": "../../../../addons/ofxBox2d/libs/Box2D/Collision/b2CollideCircle.cpp",
			"sourceTree": "SOURCE_ROOT"
		},
		"C510923F-56F9-414C-AC87-205660DFF330": {
			"explicitFileType": "sourcecode.c.h",
			"fileEncoding": "4",
			"isa": "PBXFileReference",
			"name": "b2TimeOfImpact.h",
			"path": "../../../../addons/ofxBox2d/libs/Box2D/Collision/b2TimeOfImpact.h",
			"sourceTree": "SOURCE_ROOT"
		},
		"C5DBFE5B-BF0F-4B8C-8032-1F7C0BF1E357": {
			"explicitFileType": "sourcecode.cpp.cpp",
			"fileEncoding": "4",
			"isa": "PBXFileReference",
			"name": "ofxBox2dBaseShape.cpp",
			"path": "../../../../addons/ofxBox2d/src/ofxBox2dBaseShape.cpp",
			"sourceTree": "SOURCE_ROOT"
		},
		"C5EF50BB-2523-4944-96C0-D89FB67CAF35": {
			"fileRef": "9A3A29BD-B9B3-4747-B381-4C270F3273EE",
			"isa": "PBXBuildFile"
		},
		"C618CC6B-04D1-41ED-80A3-5573BC8E52D6": {
			"fileRef": "2051C44E-55DB-4841-9F39-7C3E65BD6B9E",
			"isa": "PBXBuildFile"
		},
		"C7465019-B929-467E-A6C1-B49A5DA3B8C5": {
			"fileRef": "0AF82C77-F271-4EDF-8F82-BF4F5BD20040",
			"isa": "PBXBuildFile"
		},
		"C81B22D6-CCFF-44D1-84CB-753F1E29B9F0": {
			"children": [
				"5AE9C785-6C45-40F4-AE77-5947C61E7E18",
				"F260840A-CDF1-4D8C-A05B-14D2B6406E5D"
			],
			"isa": "PBXGroup",
			"name": "Contributions",
			"sourceTree": "SOURCE_ROOT"
		},
		"C913F744-E0CB-4808-B623-88F566E983B5": {
			"explicitFileType": "sourcecode.c.h",
			"fileEncoding": "4",
			"isa": "PBXFileReference",
			"name": "Pendulum.h",
			"path": "src/Pendulum.h",
			"sourceTree": "SOURCE_ROOT"
		},
		"CB06085E-5015-4C9F-8FDD-BBDA4708A22E": {
			"explicitFileType": "sourcecode.cpp.cpp",
			"fileEncoding": "4",
			"isa": "PBXFileReference",
			"name": "ofxBox2dUtils.cpp",
			"path": "../../../../addons/ofxBox2d/src/ofxBox2dUtils.cpp",
			"sourceTree": "SOURCE_ROOT"
		},
		"CB6C292D-D867-4449-8E55-2FD0C8A3EAB5": {
			"fileRef": "E058FBCA-D254-438C-9416-9453DCBEC47B",
			"isa": "PBXBuildFile"
		},
		"CBCCA3FC-E7F3-4992-8BA6-474AA3E0BD15": {
			"explicitFileType": "sourcecode.c.h",
			"fileEncoding": "4",
			"isa": "PBXFileReference",
			"name": "ofxBox2dBaseShape.h",
			"path": "../../../../addons/ofxBox2d/src/ofxBox2dBaseShape.h",
			"sourceTree": "SOURCE_ROOT"
		},
		"CBD8C273-E298-4BA0-BD50-26723ACF62BF": {
			"fileRef": "7B46D78C-9EAF-41EC-A43F-B0A3DD9EBAE8",
			"isa": "PBXBuildFile"
		},
		"CBEA2686-2552-4088-93AE-A50B8067305C": {
			"explicitFileType": "sourcecode.cpp.cpp",
			"fileEncoding": "4",
			"isa": "PBXFileReference",
			"name": "ofxBox2dPolygon.cpp",
			"path": "../../../../addons/ofxBox2d/src/ofxBox2dPolygon.cpp",
			"sourceTree": "SOURCE_ROOT"
		},
		"CD373B5C-3484-462C-AFC5-29237444CDAA": {
			"explicitFileType": "sourcecode.cpp.cpp",
			"fileEncoding": "4",
			"isa": "PBXFileReference",
			"name": "b2PrismaticJoint.cpp",
			"path": "../../../../addons/ofxBox2d/libs/Box2D/Dynamics/Joints/b2PrismaticJoint.cpp",
			"sourceTree": "SOURCE_ROOT"
		},
		"CE2820B8-8A11-40C8-8BC4-593BE04D4185": {
			"fileRef": "F1510939-655D-4057-91C1-5895C344B45F",
			"isa": "PBXBuildFile"
		},
		"D1401D81-2C0E-41F2-BEDB-2B8F4CD575C8": {
			"explicitFileType": "sourcecode.c.h",
			"fileEncoding": "4",
			"isa": "PBXFileReference",
			"name": "b2Distance.h",
			"path": "../../../../addons/ofxBox2d/libs/Box2D/Collision/b2Distance.h",
			"sourceTree": "SOURCE_ROOT"
		},
		"D17450FA-325B-45D9-B669-8955145D8C81": {
			"fileRef": "14CB4B15-5BB3-4560-982F-C20CD01EB046",
			"isa": "PBXBuildFile"
		},
		"D21DFBA1-6ECA-4D38-81FE-AD628ACF21DE": {
			"explicitFileType": "sourcecode.cpp.cpp",
			"fileEncoding": "4",
			"isa": "PBXFileReference",
			"name": "b2Contact.cpp",
			"path": "../../../../addons/ofxBox2d/libs/Box2D/Dynamics/Contacts/b2Contact.cpp",
			"sourceTree": "SOURCE_ROOT"
		},
		"D3168387-9ED9-4AF8-9F98-03E17CD3A994": {
			"fileRef": "923D26D7-F0FD-4A53-BB0B-4BAAF20B97F7",
			"isa": "PBXBuildFile"
		},
		"D92B82A4-B985-40CA-A99B-2299A4EFD9C8": {
			"explicitFileType": "sourcecode.c.h",
			"fileEncoding": "4",
			"isa": "PBXFileReference",
			"name": "b2Settings.h",
			"path": "../../../../addons/ofxBox2d/libs/Box2D/Common/b2Settings.h",
			"sourceTree": "SOURCE_ROOT"
		},
		"DA2D75D6-4B73-4F02-B451-B6BE6D5C85A5": {
			"children": [
				"09D41DF8-5B7B-4E74-A5A5-323D5CFE0A08",
				"08DEB875-1A2E-4062-AB82-1F15CBC437A8",
				"F58F13ED-6167-4324-85F4-0C85852A26CC",
				"C0EFF2F4-2218-48E3-AE00-EFA964E92893",
				"0D7745A2-EDBF-4645-A29A-E86831AC04F0",
				"E139E3F5-6CB4-4ECA-94D8-86772EF27038",
				"487221AF-99ED-43B1-94BA-9F7738528CBB",
				"48AEB016-2782-4187-83FF-356ED7AE04E0",
				"923D26D7-F0FD-4A53-BB0B-4BAAF20B97F7",
				"D1401D81-2C0E-41F2-BEDB-2B8F4CD575C8",
				"14CB4B15-5BB3-4560-982F-C20CD01EB046",
				"5459BB16-994B-40A0-A3A1-E3D860727889",
				"3A6DBC7E-4B48-4F9B-8FA7-5975255F5C66",
				"C510923F-56F9-414C-AC87-205660DFF330"
			],
			"isa": "PBXGroup",
			"name": "Collision",
			"sourceTree": "SOURCE_ROOT"
		},
		"DAD9137D-14CF-418D-963F-898C983856DD": {
			"explicitFileType": "sourcecode.cpp.cpp",
			"fileEncoding": "4",
			"isa": "PBXFileReference",
			"name": "b2GearJoint.cpp",
			"path": "../../../../addons/ofxBox2d/libs/Box2D/Dynamics/Joints/b2GearJoint.cpp",
			"sourceTree": "SOURCE_ROOT"
		},
		"DB537FC1-ED87-4D3E-87EE-808FBFD57EED": {
			"fileRef": "3E5DB059-902D-441A-B616-26C7F3238D3C",
			"isa": "PBXBuildFile"
		},
		"DC756BBD-1D47-4335-93A1-6FEBA7CF33E5": {
			"explicitFileType": "sourcecode.cpp.cpp",
			"fileEncoding": "4",
			"isa": "PBXFileReference",
			"name": "b2WeldJoint.cpp",
			"path": "../../../../addons/ofxBox2d/libs/Box2D/Dynamics/Joints/b2WeldJoint.cpp",
			"sourceTree": "SOURCE_ROOT"
		},
		"DC9A5215-5BFB-43BC-94AA-C503DA43FAD5": {
			"explicitFileType": "sourcecode.c.h",
			"fileEncoding": "4",
			"isa": "PBXFileReference",
			"name": "b2Math.h",
			"path": "../../../../addons/ofxBox2d/libs/Box2D/Common/b2Math.h",
			"sourceTree": "SOURCE_ROOT"
		},
		"DD564459-C557-44DE-8B88-1E655D74D087": {
			"explicitFileType": "sourcecode.c.h",
			"fileEncoding": "4",
			"isa": "PBXFileReference",
			"name": "b2Rope.h",
			"path": "../../../../addons/ofxBox2d/libs/Box2D/Rope/b2Rope.h",
			"sourceTree": "SOURCE_ROOT"
		},
		"DDDB2346-A067-48C6-B3A9-86A33828E4C0": {
			"explicitFileType": "sourcecode.c.h",
			"fileEncoding": "4",
			"isa": "PBXFileReference",
			"name": "b2GrowableBuffer.h",
			"path": "../../../../addons/ofxBox2d/libs/Box2D/Common/b2GrowableBuffer.h",
			"sourceTree": "SOURCE_ROOT"
		},
		"DE0379E1-8923-49A7-84F0-2F7EE6CB8849": {
			"children": [
				"08778AF0-CF53-4B19-9803-FBBEF765A054",
				"26566680-4641-4F8B-9088-11DFBF947B72",
				"C5DBFE5B-BF0F-4B8C-8032-1F7C0BF1E357",
				"CBCCA3FC-E7F3-4992-8BA6-474AA3E0BD15",
				"4F16C988-C821-410C-92AD-D88B29B62010",
				"855A32AC-FE63-40D4-B753-AABED7DCF094",
				"6B2FF85B-8A25-47B0-9E0E-A94699418DF9",
				"F46E874C-C669-45F4-AA37-C908FA36EF6D",
				"E88CFE19-DA54-4587-B572-C3D9B2ADE50B",
				"E4BE4C25-09B1-41BC-A861-4DAB7F27B483",
				"B745E2BF-A40D-43DD-9497-C866A0C09E3B",
				"E2FA3B3D-61CF-448E-9BD6-A7C89A1FB2E0",
				"749F9645-65D6-4CB8-A599-556D25E0A3C2",
				"40B39CD3-06D2-46D6-B527-BFA9808FFC48",
				"6D4A0A86-3BB9-49F8-B186-ECC414B14593",
				"CBEA2686-2552-4088-93AE-A50B8067305C",
				"DECEC808-1C5A-45AF-BF01-C30DB4065A28",
				"9C1DB61B-8900-484A-B4E2-DF45B832CB37",
				"2BD55FC6-050E-439B-A7CF-D77806E9D0CF",
				"E3822314-4E85-4ECA-B5B9-24B9EBC042AB",
				"A02C7640-FFC1-491B-B330-46FD348144DE",
				"0DD5646E-DBBC-4765-95A0-C786FEC4F62D",
				"95C412AC-2258-40C9-96B9-F03CCD8FCCCC",
				"CB06085E-5015-4C9F-8FDD-BBDA4708A22E",
				"554BA625-BA3C-4C7A-8DFF-1B185D7BA42A"
			],
			"isa": "PBXGroup",
			"name": "src",
			"sourceTree": "SOURCE_ROOT"
		},
		"DE0A6A49-5387-44E1-B9CB-49D50328CFD7": {
			"fileRef": "D21DFBA1-6ECA-4D38-81FE-AD628ACF21DE",
			"isa": "PBXBuildFile"
		},
		"DE3AE8AF-3537-42E6-9EEA-DA7793F0D8EF": {
			"explicitFileType": "sourcecode.cpp.cpp",
			"fileEncoding": "4",
			"isa": "PBXFileReference",
			"name": "b2Fixture.cpp",
			"path": "../../../../addons/ofxBox2d/libs/Box2D/Dynamics/b2Fixture.cpp",
			"sourceTree": "SOURCE_ROOT"
		},
		"DE944BAD-E29C-487D-9145-9B85371CF204": {
			"explicitFileType": "sourcecode.cpp.cpp",
			"fileEncoding": "4",
			"isa": "PBXFileReference",
			"name": "b2Math.cpp",
			"path": "../../../../addons/ofxBox2d/libs/Box2D/Common/b2Math.cpp",
			"sourceTree": "SOURCE_ROOT"
		},
		"DECEC808-1C5A-45AF-BF01-C30DB4065A28": {
			"explicitFileType": "sourcecode.c.h",
			"fileEncoding": "4",
			"isa": "PBXFileReference",
			"name": "ofxBox2dPolygon.h",
			"path": "../../../../addons/ofxBox2d/src/ofxBox2dPolygon.h",
			"sourceTree": "SOURCE_ROOT"
		},
		"E058FBCA-D254-438C-9416-9453DCBEC47B": {
			"explicitFileType": "sourcecode.cpp.cpp",
			"fileEncoding": "4",
			"isa": "PBXFileReference",
			"name": "b2RopeJoint.cpp",
			"path": "../../../../addons/ofxBox2d/libs/Box2D/Dynamics/Joints/b2RopeJoint.cpp",
			"sourceTree": "SOURCE_ROOT"
		},
		"E139E3F5-6CB4-4ECA-94D8-86772EF27038": {
			"explicitFileType": "sourcecode.cpp.cpp",
			"fileEncoding": "4",
			"isa": "PBXFileReference",
			"name": "b2CollidePolygon.cpp",
			"path": "../../../../addons/ofxBox2d/libs/Box2D/Collision/b2CollidePolygon.cpp",
			"sourceTree": "SOURCE_ROOT"
		},
		"E2FA3B3D-61CF-448E-9BD6-A7C89A1FB2E0": {
			"explicitFileType": "sourcecode.cpp.cpp",
			"fileEncoding": "4",
			"isa": "PBXFileReference",
			"name": "ofxBox2dJoint.cpp",
			"path": "../../../../addons/ofxBox2d/src/ofxBox2dJoint.cpp",
			"sourceTree": "SOURCE_ROOT"
		},
		"E3822314-4E85-4ECA-B5B9-24B9EBC042AB": {
			"explicitFileType": "sourcecode.cpp.cpp",
			"fileEncoding": "4",
			"isa": "PBXFileReference",
			"name": "ofxBox2dRect.cpp",
			"path": "../../../../addons/ofxBox2d/src/ofxBox2dRect.cpp",
			"sourceTree": "SOURCE_ROOT"
		},
		"E42962A92163ECCD00A6A9E2": {
			"alwaysOutOfDate": "1",
			"buildActionMask": "2147483647",
			"files": [],
			"inputPaths": [],
			"isa": "PBXShellScriptBuildPhase",
			"name": "Run Script — Compile OF",
			"outputPaths": [],
			"runOnlyForDeploymentPostprocessing": "0",
			"shellPath": "/bin/sh",
			"shellScript": "echo \"💾 Compiling Openframeworks\"\nxcodebuild -project \"$OF_PATH/libs/openFrameworksCompiled/project/osx/openFrameworksLib.xcodeproj\" -target openFrameworks -configuration \"${CONFIGURATION}\"  CLANG_CXX_LANGUAGE_STANDARD=$CLANG_CXX_LANGUAGE_STANDARD MACOSX_DEPLOYMENT_TARGET=$MACOSX_DEPLOYMENT_TARGET GCC_PREPROCESSOR_DEFINITIONS=$USER_PREPROCESSOR_DEFINITIONS\n",
			"showEnvVarsInLog": "0"
		},
		"E4A5B60F29BAAAE400C2D356": {
			"buildActionMask": "2147483647",
			"dstPath": "",
			"dstSubfolderSpec": "6",
			"files": [],
			"isa": "PBXCopyFilesBuildPhase",
			"runOnlyForDeploymentPostprocessing": "0"
		},
		"E4B69B4A0A3A1720003C02F2": {
			"children": [
				"191CD6FA2847E21E0085CBB6",
				"E4B6FCAD0C3E899E008CF71C",
				"E4EB6923138AFD0F00A09F29",
				"E4B69E1C0A3A1BDC003C02F2",
				"191EF70929D778A400F35F26",
				"BB4B014C10F69532006C3DED",
				"E4B69B5B0A3A1756003C02F2"
			],
			"isa": "PBXGroup",
			"sourceTree": "<group>"
		},
		"E4B69B4C0A3A1720003C02F2": {
			"attributes": {
				"LastUpgradeCheck": "0600"
			},
			"buildConfigurationList": "E4B69B4D0A3A1720003C02F2",
			"compatibilityVersion": "Xcode 3.2",
			"developmentRegion": "en",
			"hasScannedForEncodings": "0",
			"isa": "PBXProject",
			"knownRegions": [
				"en",
				"Base"
			],
			"mainGroup": "E4B69B4A0A3A1720003C02F2",
			"productRefGroup": "E4B69B4A0A3A1720003C02F2",
			"projectDirPath": "",
			"projectRoot": "",
			"targets": [
				"E4B69B5A0A3A1756003C02F2"
			]
		},
		"E4B69B4D0A3A1720003C02F2": {
			"buildConfigurations": [
				"E4B69B4E0A3A1720003C02F2",
				"E4B69B4F0A3A1720003C02F2"
			],
			"defaultConfigurationIsVisible": "0",
			"defaultConfigurationName": "Release",
			"isa": "XCConfigurationList"
		},
		"E4B69B4E0A3A1720003C02F2": {
			"baseConfigurationReference": "E4EB6923138AFD0F00A09F29",
			"buildSettings": {
				"CODE_SIGN_ENTITLEMENTS": "of.entitlements",
				"COPY_PHASE_STRIP": "NO",
				"ENABLE_TESTABILITY": "YES",
				"GCC_OPTIMIZATION_LEVEL": "0",
				"GCC_WARN_UNUSED_VARIABLE": "NO",
				"HEADER_SEARCH_PATHS": [
					"$(OF_CORE_HEADERS)",
					"src"
				],
				"OTHER_CPLUSPLUSFLAGS": "-D__MACOSX_CORE__"
			},
			"isa": "XCBuildConfiguration",
			"name": "Debug"
		},
		"E4B69B4F0A3A1720003C02F2": {
			"baseConfigurationReference": "E4EB6923138AFD0F00A09F29",
			"buildSettings": {
				"CODE_SIGN_ENTITLEMENTS": "of.entitlements",
				"COPY_PHASE_STRIP": "YES",
				"GCC_OPTIMIZATION_LEVEL": "3",
				"GCC_UNROLL_LOOPS": "YES",
				"HEADER_SEARCH_PATHS": [
					"$(OF_CORE_HEADERS)",
					"src"
				],
				"OTHER_CPLUSPLUSFLAGS": "-D__MACOSX_CORE__"
			},
			"isa": "XCBuildConfiguration",
			"name": "Release"
		},
		"E4B69B580A3A1756003C02F2": {
			"buildActionMask": "2147483647",
			"files": [
				"E4B69E200A3A1BDC003C02F2",
				"E4B69E210A3A1BDC003C02F2",
				"CE2820B8-8A11-40C8-8BC4-593BE04D4185",
				"C5EF50BB-2523-4944-96C0-D89FB67CAF35",
				"17DDE558-D325-47A9-B194-D3225220D25A",
				"57742EB6-DE46-4748-929F-1A7CF31EF98A",
				"C618CC6B-04D1-41ED-80A3-5573BC8E52D6",
				"5EF6DD6E-288B-4DCF-AAE2-753A737A1BFC",
				"37D64B9A-3E57-481B-8B7E-F16234E3B974",
				"5D519062-ABAA-49EB-9B8C-B07E79AE8001",
				"F0E39938-5C04-4239-9552-646E3AC7E5D2",
				"95E5C277-ADE7-477E-99FE-55237EE5C3AD",
				"D3168387-9ED9-4AF8-9F98-03E17CD3A994",
				"D17450FA-325B-45D9-B669-8955145D8C81",
				"BFB3DABB-F276-4253-BE14-520818555460",
				"2D86E690-6511-4D4C-AAD4-4D736CEEE820",
				"174132AC-E8C8-4482-8E86-D17F7DDA3D41",
				"62A60570-67AF-489E-B31E-939665AFF586",
				"770CBCC2-F4A0-4370-9D42-E4C9D2DFDFAD",
				"349079F6-A379-4550-BDDC-94998BB81187",
				"ECA0595A-A5A0-4F20-BB46-89D700E53A5C",
				"5BAC1BCF-75B3-4DB3-A5C4-5DB825B740C4",
				"CBD8C273-E298-4BA0-BD50-26723ACF62BF",
				"2CEBC58A-51A0-45E7-94EE-CC1287ED9C32",
				"158F343F-80A3-4F64-BABF-02F8BEB2C134",
				"C7465019-B929-467E-A6C1-B49A5DA3B8C5",
				"5203FE3E-9403-41BB-95CE-F46CDF783F93",
				"DE0A6A49-5387-44E1-B9CB-49D50328CFD7",
				"A5BCB93B-CD49-4F7D-A40C-D9B396FFB1F2",
				"0FF59789-70FE-432C-B700-339387E2F863",
				"0FCDE539-B8CF-4A4D-836E-DE2C9CA1D68E",
				"1ED52552-23E5-4C3A-9D91-BDEF52E9B883",
				"94853B40-79D5-4BBD-8B0F-A56865CB5EF6",
				"DB537FC1-ED87-4D3E-87EE-808FBFD57EED",
				"5C410511-FFC0-4D3D-96A9-D735000DBB52",
				"8CC87A55-9710-40A4-8217-319D41965027",
				"960238D5-2FE2-4805-AA46-33BB90A7FA39",
				"F1232E05-A957-4C94-A935-7CFC52AAE9F3",
				"F445C0A8-A468-452F-A78A-29B000A8618A",
				"6C8B3737-3CE8-40F5-ACAB-FD9A25445E5B",
				"B1627B6F-67AB-4DD4-B7BB-367E0A3F293A",
				"159FADED-A7A5-4AE7-9B75-EDC2C5422BFB",
				"CB6C292D-D867-4449-8E55-2FD0C8A3EAB5",
				"48E53BD8-FB47-42BB-9275-5046F264D90F",
				"4195AF25-4735-41B9-9AAC-2B2A52275B81",
				"F99E9EEC-61EE-4431-88CD-5780DBABDFC7",
				"0D134633-42DA-4787-BC90-B43239CA4F77",
				"AA242056-E397-465F-B30E-0C6B265104D2",
				"AA066602-887B-4E10-B835-D0D7C65F60D3",
				"963F6763-3B4D-4282-B021-22DA0287BB2F",
				"178CDA64-90F4-4620-B959-22F507659D5E",
				"F49287EE-2A2C-4EF8-8D09-E47DA421BF6E",
				"E6B27DF8-67F9-46AF-B4B2-0F8255D9BAB3",
				"F22516BA-8CE9-444F-9F50-1CE435404119",
				"49F5CB10-BE10-440F-8BD7-AC83DE807D07",
				"217F01E3-A2A2-475E-93AE-29FDC8204605",
				"B62663CA-DCE4-4364-85E8-EBE30FFC2E87",
				"B384B375-8074-4346-B2F0-3EE7ABCA95BE",
				"4C1F32F1-C039-4C4F-85D9-79BA2B504A53",
				"4ACAAAB6-22EC-4006-B3E6-783A9A93C27C",
				"349F5C2E-881D-4B9A-B20D-FFC03FDFAAE5",
				"7A0B7749-77BE-44F2-BA59-19FDB0B4E57F",
				"6E662816-769D-4A2B-8731-20C01BB24517",
				"FC4DCA63-4B60-4B34-B6EC-959C4C097C31",
				"BCB66BFF-AA88-44CB-8434-21CD998AB83C",
				"4A91CA9C-6139-433A-BECE-9332186F2136",
				"97F371E8-E948-4D35-82CB-FBFE75962CD8",
				"41AD8DBA-A982-44C7-B252-4802D74D7630",
				"8638E9B7-534D-466E-8BB9-C4E8C0280507",
				"7167AD69-99CD-4F34-8707-1202F50058A5",
				"6CC14B75-12E3-4518-A81A-E9CDF7BBF907",
				"4312433D-DE3B-4D5D-852A-BD11A5C41C08"
			],
			"isa": "PBXSourcesBuildPhase",
			"runOnlyForDeploymentPostprocessing": "0"
		},
		"E4B69B590A3A1756003C02F2": {
			"buildActionMask": "2147483647",
			"files": [],
			"isa": "PBXFrameworksBuildPhase",
			"runOnlyForDeploymentPostprocessing": "0"
		},
		"E4B69B5A0A3A1756003C02F2": {
			"buildConfigurationList": "E4B69B5F0A3A1757003C02F2",
			"buildPhases": [
				"E42962A92163ECCD00A6A9E2",
				"E4B69B580A3A1756003C02F2",
				"E4B69B590A3A1756003C02F2",
				"E4C2427710CC5ABF004149E2",
				"E4A5B60F29BAAAE400C2D356",
				"19B789C429E5AB4A0082E9B8"
			],
			"buildRules": [],
			"dependencies": [],
			"isa": "PBXNativeTarget",
			"name": "Example_6_6_ofxBox2d_Pendulum",
			"productName": "myOFApp",
			"productReference": "E4B69B5B0A3A1756003C02F2",
			"productType": "com.apple.product-type.application"
		},
		"E4B69B5B0A3A1756003C02F2": {
			"explicitFileType": "wrapper.application",
			"includeInIndex": "0",
			"isa": "PBXFileReference",
			"path": "Example_6_6_ofxBox2d_PendulumDebug.app",
			"sourceTree": "BUILT_PRODUCTS_DIR"
		},
		"E4B69B5F0A3A1757003C02F2": {
			"buildConfigurations": [
				"E4B69B600A3A1757003C02F2",
				"E4B69B610A3A1757003C02F2"
			],
			"defaultConfigurationIsVisible": "0",
			"defaultConfigurationName": "Release",
			"isa": "XCConfigurationList"
		},
		"E4B69B600A3A1757003C02F2": {
			"baseConfigurationReference": "E4EB6923138AFD0F00A09F29",
			"buildSettings": {
				"ARCHS": "$(ARCHS_STANDARD)",
				"COPY_PHASE_STRIP": "NO",
				"FRAMEWORK_SEARCH_PATHS": "$(inherited)",
				"GCC_DYNAMIC_NO_PIC": "NO",
				"HEADER_SEARCH_PATHS": [
					"$(OF_CORE_HEADERS)",
					"src",
					"src",
					"../../../../addons/ofxBox2d/libs",
					"../../../../addons/ofxBox2d/libs/Box2D",
					"../../../../addons/ofxBox2d/libs/Box2D/Collision",
					"../../../../addons/ofxBox2d/libs/Box2D/Collision/Shapes",
					"../../../../addons/ofxBox2d/libs/Box2D/Common",
					"../../../../addons/ofxBox2d/libs/Box2D/Dynamics",
					"../../../../addons/ofxBox2d/libs/Box2D/Dynamics/Contacts",
					"../../../../addons/ofxBox2d/libs/Box2D/Dynamics/Joints",
					"../../../../addons/ofxBox2d/libs/Box2D/Particle",
					"../../../../addons/ofxBox2d/libs/Box2D/Rope",
					"../../../../addons/ofxBox2d/libs/Triangle",
					"../../../../addons/ofxBox2d/libs/liquidfun",
					"../../../../addons/ofxBox2d/libs/liquidfun/Contributions",
					"../../../../addons/ofxBox2d/libs/liquidfun/Contributions/Enhancements",
					"../../../../addons/ofxBox2d/libs/liquidfun/Contributions/Enhancements/FixedPoint",
					"../../../../addons/ofxBox2d/libs/liquidfun/Contributions/Utilities",
					"../../../../addons/ofxBox2d/libs/liquidfun/Contributions/Utilities/ConvexDecomposition",
					"../../../../addons/ofxBox2d/src"
				],
				"LIBRARY_SEARCH_PATHS": "$(inherited)",
				"OTHER_LDFLAGS": [
					"$(OF_CORE_LIBS)",
					"$(OF_CORE_FRAMEWORKS)",
					"$(LIB_OF_DEBUG)"
				]
			},
			"isa": "XCBuildConfiguration",
			"name": "Debug"
		},
		"E4B69B610A3A1757003C02F2": {
			"baseConfigurationReference": "E4EB6923138AFD0F00A09F29",
			"buildSettings": {
				"ARCHS": "$(ARCHS_STANDARD)",
				"COPY_PHASE_STRIP": "YES",
				"FRAMEWORK_SEARCH_PATHS": "$(inherited)",
				"HEADER_SEARCH_PATHS": [
					"$(OF_CORE_HEADERS)",
					"src",
					"src",
					"../../../../addons/ofxBox2d/libs",
					"../../../../addons/ofxBox2d/libs/Box2D",
					"../../../../addons/ofxBox2d/libs/Box2D/Collision",
					"../../../../addons/ofxBox2d/libs/Box2D/Collision/Shapes",
					"../../../../addons/ofxBox2d/libs/Box2D/Common",
					"../../../../addons/ofxBox2d/libs/Box2D/Dynamics",
					"../../../../addons/ofxBox2d/libs/Box2D/Dynamics/Contacts",
					"../../../../addons/ofxBox2d/libs/Box2D/Dynamics/Joints",
					"../../../../addons/ofxBox2d/libs/Box2D/Particle",
					"../../../../addons/ofxBox2d/libs/Box2D/Rope",
					"../../../../addons/ofxBox2d/libs/Triangle",
					"../../../../addons/ofxBox2d/libs/liquidfun",
					"../../../../addons/ofxBox2d/libs/liquidfun/Contributions",
					"../../../../addons/ofxBox2d/libs/liquidfun/Contributions/Enhancements",
					"../../../../addons/ofxBox2d/libs/liquidfun/Contributions/Enhancements/FixedPoint",
					"../../../../addons/ofxBox2d/libs/liquidfun/Contributions/Utilities",
					"../../../../addons/ofxBox2d/libs/liquidfun/Contributions/Utilities/ConvexDecomposition",
					"../../../../addons/ofxBox2d/src"
				],
				"LIBRARY_SEARCH_PATHS": "$(inherited)",
				"OTHER_LDFLAGS": [
					"$(OF_CORE_LIBS)",
					"$(OF_CORE_FRAMEWORKS)",
					"$(LIB_OF)"
				],
				"baseConfigurationReference": "E4EB6923138AFD0F00A09F29"
			},
			"isa": "XCBuildConfiguration",
			"name": "Release"
		},
		"E4B69E1C0A3A1BDC003C02F2": {
			"children": [
				"E4B69E1D0A3A1BDC003C02F2",
				"E4B69E1E0A3A1BDC003C02F2",
				"E4B69E1F0A3A1BDC003C02F2",
				"F1510939-655D-4057-91C1-5895C344B45F",
				"C913F744-E0CB-4808-B623-88F566E983B5"
			],
			"isa": "PBXGroup",
			"path": "src",
			"sourceTree": "SOURCE_ROOT"
		},
		"E4B69E1D0A3A1BDC003C02F2": {
			"fileEncoding": "4",
			"isa": "PBXFileReference",
			"lastKnownFileType": "sourcecode.cpp.cpp",
			"name": "main.cpp",
			"path": "src/main.cpp",
			"sourceTree": "SOURCE_ROOT"
		},
		"E4B69E1E0A3A1BDC003C02F2": {
			"explicitFileType": "sourcecode.cpp.cpp",
			"fileEncoding": "4",
			"isa": "PBXFileReference",
			"name": "ofApp.cpp",
			"path": "src/ofApp.cpp",
			"sourceTree": "SOURCE_ROOT"
		},
		"E4B69E1F0A3A1BDC003C02F2": {
			"fileEncoding": "4",
			"isa": "PBXFileReference",
			"lastKnownFileType": "sourcecode.c.h",
			"name": "ofApp.h",
			"path": "src/ofApp.h",
			"sourceTree": "SOURCE_ROOT"
		},
		"E4B69E200A3A1BDC003C02F2": {
			"fileRef": "E4B69E1D0A3A1BDC003C02F2",
			"isa": "PBXBuildFile"
		},
		"E4B69E210A3A1BDC003C02F2": {
			"fileRef": "E4B69E1E0A3A1BDC003C02F2",
			"isa": "PBXBuildFile"
		},
		"E4B6FCAD0C3E899E008CF71C": {
			"fileEncoding": "4",
			"isa": "PBXFileReference",
			"lastKnownFileType": "text.plist.xml",
			"path": "openFrameworks-Info.plist",
			"sourceTree": "<group>"
		},
		"E4BE4C25-09B1-41BC-A861-4DAB7F27B483": {
			"explicitFileType": "sourcecode.cpp.cpp",
			"fileEncoding": "4",
			"isa": "PBXFileReference",
			"name": "ofxBox2dEdge.cpp",
			"path": "../../../../addons/ofxBox2d/src/ofxBox2dEdge.cpp",
			"sourceTree": "SOURCE_ROOT"
		},
		"E4C2427710CC5ABF004149E2": {
			"buildActionMask": "2147483647",
			"dstPath": "",
			"dstSubfolderSpec": "10",
			"files": [],
			"isa": "PBXCopyFilesBuildPhase",
			"runOnlyForDeploymentPostprocessing": "0"
		},
		"E4EB6923138AFD0F00A09F29": {
			"fileEncoding": "4",
			"isa": "PBXFileReference",
			"lastKnownFileType": "text.xcconfig",
			"path": "Project.xcconfig",
			"sourceTree": "<group>"
		},
		"E58733C3-D726-4001-AB06-3A4436A2172C": {
			"children": [
				"A5EA41EA-256B-42FF-9641-B9BF36235887",
				"DA2D75D6-4B73-4F02-B451-B6BE6D5C85A5",
				"8E631822-A430-4CA5-8125-3E59D09C64D8",
				"A4AB43F8-7274-425D-AA56-AB8941BE9A70",
				"252B804F-B416-4B6E-92E0-9EAAA196513D",
				"5EF7C779-A2F1-472E-8CF7-BCDEB4D821AE"
			],
			"isa": "PBXGroup",
			"name": "Box2D",
			"sourceTree": "SOURCE_ROOT"
		},
		"E60684E8-F351-4AF2-897C-31F2CE7A0480": {
			"explicitFileType": "sourcecode.cpp.cpp",
			"fileEncoding": "4",
			"isa": "PBXFileReference",
			"name": "b2Particle.cpp",
			"path": "../../../../addons/ofxBox2d/libs/Box2D/Particle/b2Particle.cpp",
			"sourceTree": "SOURCE_ROOT"
		},
		"E693A946-99C2-4939-A22F-8495281EB5A0": {
			"explicitFileType": "sourcecode.cpp.cpp",
			"fileEncoding": "4",
			"isa": "PBXFileReference",
			"name": "b2EdgeShape.cpp",
			"path": "../../../../addons/ofxBox2d/libs/Box2D/Collision/Shapes/b2EdgeShape.cpp",
			"sourceTree": "SOURCE_ROOT"
		},
		"E6B27DF8-67F9-46AF-B4B2-0F8255D9BAB3": {
			"fileRef": "FB026567-AB76-4694-B962-19EE6702FC75",
			"isa": "PBXBuildFile"
		},
		"E790432E-92C5-47E6-9323-B9B53DC2A0DE": {
			"explicitFileType": "sourcecode.c.h",
			"fileEncoding": "4",
			"isa": "PBXFileReference",
			"name": "b2Joint.h",
			"path": "../../../../addons/ofxBox2d/libs/Box2D/Dynamics/Joints/b2Joint.h",
			"sourceTree": "SOURCE_ROOT"
		},
		"E7E50596-784F-4746-8C70-B7E370A8D1ED": {
			"explicitFileType": "sourcecode.c.h",
			"fileEncoding": "4",
			"isa": "PBXFileReference",
			"name": "b2VoronoiDiagram.h",
			"path": "../../../../addons/ofxBox2d/libs/Box2D/Particle/b2VoronoiDiagram.h",
			"sourceTree": "SOURCE_ROOT"
		},
		"E88CFE19-DA54-4587-B572-C3D9B2ADE50B": {
			"explicitFileType": "sourcecode.c.h",
			"fileEncoding": "4",
			"isa": "PBXFileReference",
			"name": "ofxBox2dConvexPoly.h",
			"path": "../../../../addons/ofxBox2d/src/ofxBox2dConvexPoly.h",
			"sourceTree": "SOURCE_ROOT"
		},
		"EB4A6638-5AC9-4E59-BCE6-B28F3CABBB69": {
			"explicitFileType": "sourcecode.c.h",
			"fileEncoding": "4",
			"isa": "PBXFileReference",
			"name": "b2ChainShape.h",
			"path": "../../../../addons/ofxBox2d/libs/Box2D/Collision/Shapes/b2ChainShape.h",
			"sourceTree": "SOURCE_ROOT"
		},
		"EC028420-EEF4-4E84-A40E-5B14824E8413": {
			"explicitFileType": "sourcecode.c.h",
			"fileEncoding": "4",
			"isa": "PBXFileReference",
			"name": "jtypes.h",
			"path": "../../../../addons/ofxBox2d/libs/liquidfun/Contributions/Enhancements/FixedPoint/jtypes.h",
			"sourceTree": "SOURCE_ROOT"
		},
		"ECA0595A-A5A0-4F20-BB46-89D700E53A5C": {
			"fileRef": "647496A6-D484-4DD0-8EA9-F346FB72DA6E",
			"isa": "PBXBuildFile"
		},
		"ECB49365-0E23-4176-AB9A-FF34319B614B": {
			"explicitFileType": "sourcecode.cpp.cpp",
			"fileEncoding": "4",
			"isa": "PBXFileReference",
			"name": "b2CircleContact.cpp",
			"path": "../../../../addons/ofxBox2d/libs/Box2D/Dynamics/Contacts/b2CircleContact.cpp",
			"sourceTree": "SOURCE_ROOT"
		},
		"F0E39938-5C04-4239-9552-646E3AC7E5D2": {
			"fileRef": "E139E3F5-6CB4-4ECA-94D8-86772EF27038",
			"isa": "PBXBuildFile"
		},
		"F1232E05-A957-4C94-A935-7CFC52AAE9F3": {
			"fileRef": "7BB6EDAB-C8F8-4A95-8C11-611A1643BB50",
			"isa": "PBXBuildFile"
		},
		"F1510939-655D-4057-91C1-5895C344B45F": {
			"explicitFileType": "sourcecode.cpp.cpp",
			"fileEncoding": "4",
			"isa": "PBXFileReference",
			"name": "Pendulum.cpp",
			"path": "src/Pendulum.cpp",
			"sourceTree": "SOURCE_ROOT"
		},
		"F22516BA-8CE9-444F-9F50-1CE435404119": {
			"fileRef": "968139A2-AF38-42B3-9537-EE3FD6A5A5E5",
			"isa": "PBXBuildFile"
		},
		"F260840A-CDF1-4D8C-A05B-14D2B6406E5D": {
			"children": [
				"BEEDE2DB-CD2B-4F91-A05A-22F7AC82BE52"
			],
			"isa": "PBXGroup",
			"name": "Utilities",
			"sourceTree": "SOURCE_ROOT"
		},
		"F3EA6E1E-FF04-45C4-B7E2-AADADA01612B": {
			"explicitFileType": "sourcecode.c.h",
			"fileEncoding": "4",
			"isa": "PBXFileReference",
			"name": "triangle.h",
			"path": "../../../../addons/ofxBox2d/libs/Triangle/triangle.h",
			"sourceTree": "SOURCE_ROOT"
		},
		"F4001A13-FDAD-469D-A990-71BF1E648CE8": {
			"explicitFileType": "sourcecode.c.h",
			"fileEncoding": "4",
			"isa": "PBXFileReference",
			"name": "b2PrismaticJoint.h",
			"path": "../../../../addons/ofxBox2d/libs/Box2D/Dynamics/Joints/b2PrismaticJoint.h",
			"sourceTree": "SOURCE_ROOT"
		},
		"F445C0A8-A468-452F-A78A-29B000A8618A": {
			"fileRef": "499A8500-1EFE-4B19-BAB6-FB98CB7BAB69",
			"isa": "PBXBuildFile"
		},
		"F46E874C-C669-45F4-AA37-C908FA36EF6D": {
			"explicitFileType": "sourcecode.cpp.cpp",
			"fileEncoding": "4",
			"isa": "PBXFileReference",
			"name": "ofxBox2dConvexPoly.cpp",
			"path": "../../../../addons/ofxBox2d/src/ofxBox2dConvexPoly.cpp",
			"sourceTree": "SOURCE_ROOT"
		},
		"F49287EE-2A2C-4EF8-8D09-E47DA421BF6E": {
			"fileRef": "E60684E8-F351-4AF2-897C-31F2CE7A0480",
			"isa": "PBXBuildFile"
		},
		"F58F13ED-6167-4324-85F4-0C85852A26CC": {
			"explicitFileType": "sourcecode.c.h",
			"fileEncoding": "4",
			"isa": "PBXFileReference",
			"name": "b2BroadPhase.h",
			"path": "../../../../addons/ofxBox2d/libs/Box2D/Collision/b2BroadPhase.h",
			"sourceTree": "SOURCE_ROOT"
		},
		"F823B174-B3E9-488E-B0C6-C399D3126891": {
			"explicitFileType": "sourcecode.c.h",
			"fileEncoding": "4",
			"isa": "PBXFileReference",
			"name": "b2ContactManager.h",
			"path": "../../../../addons/ofxBox2d/libs/Box2D/Dynamics/b2ContactManager.h",
			"sourceTree": "SOURCE_ROOT"
		},
		"F87E1FAF-376A-44F9-AEEF-8D8BF7278C53": {
			"explicitFileType": "sourcecode.cpp.cpp",
			"fileEncoding": "4",
			"isa": "PBXFileReference",
			"name": "b2TrackedBlock.cpp",
			"path": "../../../../addons/ofxBox2d/libs/Box2D/Common/b2TrackedBlock.cpp",
			"sourceTree": "SOURCE_ROOT"
		},
		"F99E9EEC-61EE-4431-88CD-5780DBABDFC7": {
			"fileRef": "44632063-A9B9-464D-8C7F-03D6C9BBB7B6",
			"isa": "PBXBuildFile"
		},
		"FAD90658-4FFD-483E-B9AF-8E0D7CCCA26A": {
			"explicitFileType": "sourcecode.c.h",
			"fileEncoding": "4",
			"isa": "PBXFileReference",
			"name": "b2CircleShape.h",
			"path": "../../../../addons/ofxBox2d/libs/Box2D/Collision/Shapes/b2CircleShape.h",
			"sourceTree": "SOURCE_ROOT"
		},
		"FB026567-AB76-4694-B962-19EE6702FC75": {
			"explicitFileType": "sourcecode.cpp.cpp",
			"fileEncoding": "4",
			"isa": "PBXFileReference",
			"name": "b2ParticleAssembly.cpp",
			"path": "../../../../addons/ofxBox2d/libs/Box2D/Particle/b2ParticleAssembly.cpp",
			"sourceTree": "SOURCE_ROOT"
		},
		"FB266548-C207-4A0F-86A4-1E9359221783": {
			"explicitFileType": "sourcecode.cpp.cpp",
			"fileEncoding": "4",
			"isa": "PBXFileReference",
			"name": "triangle.cpp",
			"path": "../../../../addons/ofxBox2d/libs/Triangle/triangle.cpp",
			"sourceTree": "SOURCE_ROOT"
		},
		"FC4DCA63-4B60-4B34-B6EC-959C4C097C31": {
			"fileRef": "F46E874C-C669-45F4-AA37-C908FA36EF6D",
			"isa": "PBXBuildFile"
		}
	},
	"openFrameworksProjectGeneratorVersion": "21",
	"rootObject": "E4B69B4C0A3A1720003C02F2"
}